// !$*UTF8*$!
{
	archiveVersion = 1;
	classes = {
	};
	objectVersion = 50;
	objects = {

/* Begin PBXBuildFile section */
		09270101EF07E97E0C74AC34 /* Pods_SadovodTests.framework in Frameworks */ = {isa = PBXBuildFile; fileRef = 23939B3E66E84E5428C2B948 /* Pods_SadovodTests.framework */; };
		BE151D7523211995009947A0 /* AuthorizeCollectionViewCell.swift in Sources */ = {isa = PBXBuildFile; fileRef = BE151D7423211995009947A0 /* AuthorizeCollectionViewCell.swift */; };
		BE151D77232123D2009947A0 /* SmallWhiteButton.swift in Sources */ = {isa = PBXBuildFile; fileRef = BE151D76232123D2009947A0 /* SmallWhiteButton.swift */; };
		BE151D7923213CD1009947A0 /* CatalogCategoryTableViewCell.swift in Sources */ = {isa = PBXBuildFile; fileRef = BE151D7823213CD1009947A0 /* CatalogCategoryTableViewCell.swift */; };
		BE151D7B2321401F009947A0 /* CategoriesTableView.swift in Sources */ = {isa = PBXBuildFile; fileRef = BE151D7A2321401F009947A0 /* CategoriesTableView.swift */; };
		BE151D7D23214086009947A0 /* CategoriesTableViewDataSource.swift in Sources */ = {isa = PBXBuildFile; fileRef = BE151D7C23214086009947A0 /* CategoriesTableViewDataSource.swift */; };
		BE1E6DE6232F82B500D817C4 /* HomeViewModel.swift in Sources */ = {isa = PBXBuildFile; fileRef = BE1E6DE5232F82B500D817C4 /* HomeViewModel.swift */; };
		BE2AEA972323B98700270A05 /* Extensions+UIImageView.swift in Sources */ = {isa = PBXBuildFile; fileRef = BE2AEA962323B98700270A05 /* Extensions+UIImageView.swift */; };
		BE2AEA992323C4C100270A05 /* SmallGrayButton.swift in Sources */ = {isa = PBXBuildFile; fileRef = BE2AEA982323C4C100270A05 /* SmallGrayButton.swift */; };
		BE2AEA9B2323D5BA00270A05 /* BlueRoundedButton.swift in Sources */ = {isa = PBXBuildFile; fileRef = BE2AEA9A2323D5BA00270A05 /* BlueRoundedButton.swift */; };
		BE408E19237C3396006CE3AB /* Profile.storyboard in Resources */ = {isa = PBXBuildFile; fileRef = BE408E18237C3396006CE3AB /* Profile.storyboard */; };
		BE408E1C237C389F006CE3AB /* Catalog.storyboard in Resources */ = {isa = PBXBuildFile; fileRef = BE408E1B237C389F006CE3AB /* Catalog.storyboard */; };
		BE4542C4232643A9006FC7C4 /* HomeUnpaidOrdersCollectionViewCell.swift in Sources */ = {isa = PBXBuildFile; fileRef = BE4542C3232643A9006FC7C4 /* HomeUnpaidOrdersCollectionViewCell.swift */; };
		BE4542C62326463A006FC7C4 /* UnpaidOrdersCollectionView.swift in Sources */ = {isa = PBXBuildFile; fileRef = BE4542C52326463A006FC7C4 /* UnpaidOrdersCollectionView.swift */; };
		BE4542C823264CCF006FC7C4 /* UnpaidOrderCollectionViewCell.swift in Sources */ = {isa = PBXBuildFile; fileRef = BE4542C723264CCF006FC7C4 /* UnpaidOrderCollectionViewCell.swift */; };
		BE4542CA23266264006FC7C4 /* UnpaidOrdersCollectionViewDataSource.swift in Sources */ = {isa = PBXBuildFile; fileRef = BE4542C923266264006FC7C4 /* UnpaidOrdersCollectionViewDataSource.swift */; };
		BE5BCB7E232152AB00BC41D0 /* TextFieldTableViewCell.swift in Sources */ = {isa = PBXBuildFile; fileRef = BE5BCB7D232152AB00BC41D0 /* TextFieldTableViewCell.swift */; };
		BE5BCB802321538600BC41D0 /* TextViewTableViewCell.swift in Sources */ = {isa = PBXBuildFile; fileRef = BE5BCB7F2321538600BC41D0 /* TextViewTableViewCell.swift */; };
		BE5BCB822321555100BC41D0 /* ButtonTableViewCell.swift in Sources */ = {isa = PBXBuildFile; fileRef = BE5BCB812321555100BC41D0 /* ButtonTableViewCell.swift */; };
		BE6B33BA232508E70016AB39 /* RoundedWhiteLabel.swift in Sources */ = {isa = PBXBuildFile; fileRef = BE6B33B9232508E70016AB39 /* RoundedWhiteLabel.swift */; };
		BE6B33BC23250EE00016AB39 /* CatalogCollectionView.swift in Sources */ = {isa = PBXBuildFile; fileRef = BE6B33BB23250EE00016AB39 /* CatalogCollectionView.swift */; };
		BE6B33BE2325119D0016AB39 /* CatalogCollectionViewDataSource.swift in Sources */ = {isa = PBXBuildFile; fileRef = BE6B33BD2325119D0016AB39 /* CatalogCollectionViewDataSource.swift */; };
		BE6B33C02325129B0016AB39 /* ProductsCatalogVC.swift in Sources */ = {isa = PBXBuildFile; fileRef = BE6B33BF2325129B0016AB39 /* ProductsCatalogVC.swift */; };
		BE6B33C22325173E0016AB39 /* CatalogCollectionViewCell.swift in Sources */ = {isa = PBXBuildFile; fileRef = BE6B33C12325173E0016AB39 /* CatalogCollectionViewCell.swift */; };
		BE74F5E6231E631B003AC578 /* CatalogVC.swift in Sources */ = {isa = PBXBuildFile; fileRef = BE74F5E5231E631B003AC578 /* CatalogVC.swift */; };
		BE74F5E8231E632C003AC578 /* HomeVC.swift in Sources */ = {isa = PBXBuildFile; fileRef = BE74F5E7231E632C003AC578 /* HomeVC.swift */; };
		BE74F5EA231E634A003AC578 /* CartVC.swift in Sources */ = {isa = PBXBuildFile; fileRef = BE74F5E9231E634A003AC578 /* CartVC.swift */; };
		BE74F5EC231E6359003AC578 /* ProfileVC.swift in Sources */ = {isa = PBXBuildFile; fileRef = BE74F5EB231E6359003AC578 /* ProfileVC.swift */; };
		BE74F5F0231E6376003AC578 /* InfoVC.swift in Sources */ = {isa = PBXBuildFile; fileRef = BE74F5EF231E6376003AC578 /* InfoVC.swift */; };
		BE74F5F2231E63E6003AC578 /* CategoriesVC.swift in Sources */ = {isa = PBXBuildFile; fileRef = BE74F5F1231E63E6003AC578 /* CategoriesVC.swift */; };
		BE74F5F4231E63F1003AC578 /* SubcategoriesVC.swift in Sources */ = {isa = PBXBuildFile; fileRef = BE74F5F3231E63F1003AC578 /* SubcategoriesVC.swift */; };
		BE74F5F7231E6593003AC578 /* Extensions+UIViewController.swift in Sources */ = {isa = PBXBuildFile; fileRef = BE74F5F6231E6593003AC578 /* Extensions+UIViewController.swift */; };
		BE74F63A231E8A96003AC578 /* ConvenientLayout.framework in Frameworks */ = {isa = PBXBuildFile; fileRef = BE74F639231E8A2F003AC578 /* ConvenientLayout.framework */; };
		BE74F63B231E8A96003AC578 /* ConvenientLayout.framework in Embed Frameworks */ = {isa = PBXBuildFile; fileRef = BE74F639231E8A2F003AC578 /* ConvenientLayout.framework */; settings = {ATTRIBUTES = (CodeSignOnCopy, RemoveHeadersOnCopy, ); }; };
		BE74F640231E8CCB003AC578 /* PopularCategoryCollectionViewCell.swift in Sources */ = {isa = PBXBuildFile; fileRef = BE74F63F231E8CCB003AC578 /* PopularCategoryCollectionViewCell.swift */; };
		BE74F642231E8D33003AC578 /* PopularCategoryCollectionView.swift in Sources */ = {isa = PBXBuildFile; fileRef = BE74F641231E8D33003AC578 /* PopularCategoryCollectionView.swift */; };
		BE74F644231E8D55003AC578 /* HomePopularCategoriesCollectionViewCell.swift in Sources */ = {isa = PBXBuildFile; fileRef = BE74F643231E8D55003AC578 /* HomePopularCategoriesCollectionViewCell.swift */; };
		BE74F646231E8D8B003AC578 /* HomeCollectionView.swift in Sources */ = {isa = PBXBuildFile; fileRef = BE74F645231E8D8B003AC578 /* HomeCollectionView.swift */; };
		BE74F648231EA4DF003AC578 /* PopularCategory.swift in Sources */ = {isa = PBXBuildFile; fileRef = BE74F647231EA4DF003AC578 /* PopularCategory.swift */; };
		BE74F64A231EA5BE003AC578 /* PopularCategoriesDataSource.swift in Sources */ = {isa = PBXBuildFile; fileRef = BE74F649231EA5BE003AC578 /* PopularCategoriesDataSource.swift */; };
		BE74F64C231EB163003AC578 /* HomeCollectionViewDataSource.swift in Sources */ = {isa = PBXBuildFile; fileRef = BE74F64B231EB163003AC578 /* HomeCollectionViewDataSource.swift */; };
		BE8ACFD6230EA0490073A017 /* Constants.swift in Sources */ = {isa = PBXBuildFile; fileRef = BE8ACFD5230EA0490073A017 /* Constants.swift */; };
		BE8ACFDC230EB6160073A017 /* APIClient.swift in Sources */ = {isa = PBXBuildFile; fileRef = BE8ACFDB230EB6160073A017 /* APIClient.swift */; };
		BE8ACFDF230EB73D0073A017 /* Extensions+URLRequest.swift in Sources */ = {isa = PBXBuildFile; fileRef = BE8ACFDE230EB73D0073A017 /* Extensions+URLRequest.swift */; };
		BE8ACFE3230EB7A70073A017 /* RequestMethod.swift in Sources */ = {isa = PBXBuildFile; fileRef = BE8ACFE2230EB7A70073A017 /* RequestMethod.swift */; };
		BE8ACFE5230EBA7B0073A017 /* Extensions+URLSessionDataTask.swift in Sources */ = {isa = PBXBuildFile; fileRef = BE8ACFE4230EBA7B0073A017 /* Extensions+URLSessionDataTask.swift */; };
		BE8ACFE7230EBBB70073A017 /* Endpoint.swift in Sources */ = {isa = PBXBuildFile; fileRef = BE8ACFE6230EBBB70073A017 /* Endpoint.swift */; };
		BE9DD3082312C714007D275C /* ProductCategory.swift in Sources */ = {isa = PBXBuildFile; fileRef = BE9DD3072312C714007D275C /* ProductCategory.swift */; };
		BE9DD30A2312CA0D007D275C /* EntityList.swift in Sources */ = {isa = PBXBuildFile; fileRef = BE9DD3092312CA0D007D275C /* EntityList.swift */; };
		BE9DD30C2312CB10007D275C /* JSONSerializer.swift in Sources */ = {isa = PBXBuildFile; fileRef = BE9DD30B2312CB10007D275C /* JSONSerializer.swift */; };
		BEAABB2E2322B8BB008C6CF8 /* CartCollectionView.swift in Sources */ = {isa = PBXBuildFile; fileRef = BEAABB2D2322B8BB008C6CF8 /* CartCollectionView.swift */; };
		BEAABB302322B8F1008C6CF8 /* CartCollectionViewCell.swift in Sources */ = {isa = PBXBuildFile; fileRef = BEAABB2F2322B8F1008C6CF8 /* CartCollectionViewCell.swift */; };
		BEAABB322322BF58008C6CF8 /* CartCollectionViewDataSource.swift in Sources */ = {isa = PBXBuildFile; fileRef = BEAABB312322BF58008C6CF8 /* CartCollectionViewDataSource.swift */; };
		BEC49530230E9D2F00625872 /* AppDelegate.swift in Sources */ = {isa = PBXBuildFile; fileRef = BEC4952F230E9D2F00625872 /* AppDelegate.swift */; };
		BEC49532230E9D2F00625872 /* MainTabBarVC.swift in Sources */ = {isa = PBXBuildFile; fileRef = BEC49531230E9D2F00625872 /* MainTabBarVC.swift */; };
		BEC49537230E9D3100625872 /* Assets.xcassets in Resources */ = {isa = PBXBuildFile; fileRef = BEC49536230E9D3100625872 /* Assets.xcassets */; };
		BEC4953A230E9D3100625872 /* LaunchScreen.storyboard in Resources */ = {isa = PBXBuildFile; fileRef = BEC49538230E9D3100625872 /* LaunchScreen.storyboard */; };
		BEC49545230E9D3100625872 /* SadovodTests.swift in Sources */ = {isa = PBXBuildFile; fileRef = BEC49544230E9D3100625872 /* SadovodTests.swift */; };
		BEC59B6E2312E48F00E26F45 /* TestData.swift in Sources */ = {isa = PBXBuildFile; fileRef = BEC59B6D2312E48F00E26F45 /* TestData.swift */; };
		BEC59B702312EC1A00E26F45 /* AuthorizationResponse.swift in Sources */ = {isa = PBXBuildFile; fileRef = BEC59B6F2312EC1A00E26F45 /* AuthorizationResponse.swift */; };
		BECF1F9D2316613A00CAAFE8 /* UserInfoResponse.swift in Sources */ = {isa = PBXBuildFile; fileRef = BECF1F9C2316613A00CAAFE8 /* UserInfoResponse.swift */; };
		BECF1F9F2316615400CAAFE8 /* UserInfo.swift in Sources */ = {isa = PBXBuildFile; fileRef = BECF1F9E2316615400CAAFE8 /* UserInfo.swift */; };
		BECF1FA22316676000CAAFE8 /* Product.swift in Sources */ = {isa = PBXBuildFile; fileRef = BECF1FA12316676000CAAFE8 /* Product.swift */; };
		BECF1FA423167D0800CAAFE8 /* TreeCategory.swift in Sources */ = {isa = PBXBuildFile; fileRef = BECF1FA323167D0800CAAFE8 /* TreeCategory.swift */; };
		BECF1FA623167EBD00CAAFE8 /* TreeCategoriesResponse.swift in Sources */ = {isa = PBXBuildFile; fileRef = BECF1FA523167EBD00CAAFE8 /* TreeCategoriesResponse.swift */; };
		BEDCF97E23104EDF006BA5AA /* Token.swift in Sources */ = {isa = PBXBuildFile; fileRef = BEDCF97D23104EDF006BA5AA /* Token.swift */; };
		BEDCF98023104FA0006BA5AA /* ServerError.swift in Sources */ = {isa = PBXBuildFile; fileRef = BEDCF97F23104FA0006BA5AA /* ServerError.swift */; };
		BEDCF9822310547F006BA5AA /* APIClientTests.swift in Sources */ = {isa = PBXBuildFile; fileRef = BEDCF9812310547F006BA5AA /* APIClientTests.swift */; };
		BEF02CA72317B8BC007B7370 /* DetailProduct.swift in Sources */ = {isa = PBXBuildFile; fileRef = BEF02CA62317B8BC007B7370 /* DetailProduct.swift */; };
		BEF02CA92317BEBB007B7370 /* ProductOption.swift in Sources */ = {isa = PBXBuildFile; fileRef = BEF02CA82317BEBB007B7370 /* ProductOption.swift */; };
		BEF02CAB2317BEC1007B7370 /* ProductSize.swift in Sources */ = {isa = PBXBuildFile; fileRef = BEF02CAA2317BEC1007B7370 /* ProductSize.swift */; };
		BEF02CAE2317BFC1007B7370 /* DetailProductResponse.swift in Sources */ = {isa = PBXBuildFile; fileRef = BEF02CAD2317BFC1007B7370 /* DetailProductResponse.swift */; };
		BEF02CB02317C546007B7370 /* UpdateProductInCartResponse.swift in Sources */ = {isa = PBXBuildFile; fileRef = BEF02CAF2317C546007B7370 /* UpdateProductInCartResponse.swift */; };
		BEF02CB22317CAA7007B7370 /* CartSummary.swift in Sources */ = {isa = PBXBuildFile; fileRef = BEF02CB12317CAA7007B7370 /* CartSummary.swift */; };
		BEF02CB42317CB9B007B7370 /* CartProduct.swift in Sources */ = {isa = PBXBuildFile; fileRef = BEF02CB32317CB9B007B7370 /* CartProduct.swift */; };
		C3C933E7A5D2F84E5CFE2921 /* Pods_Sadovod.framework in Frameworks */ = {isa = PBXBuildFile; fileRef = 59FEC45DEAF2F36B396E98B2 /* Pods_Sadovod.framework */; };
/* End PBXBuildFile section */

/* Begin PBXContainerItemProxy section */
		BE74F638231E8A2F003AC578 /* PBXContainerItemProxy */ = {
			isa = PBXContainerItemProxy;
			containerPortal = BE74F634231E8A2F003AC578 /* ConvenientLayout.xcodeproj */;
			proxyType = 2;
			remoteGlobalIDString = BE74F623231E88C3003AC578;
			remoteInfo = ConvenientLayout;
		};
		BE74F63C231E8A96003AC578 /* PBXContainerItemProxy */ = {
			isa = PBXContainerItemProxy;
			containerPortal = BE74F634231E8A2F003AC578 /* ConvenientLayout.xcodeproj */;
			proxyType = 1;
			remoteGlobalIDString = BE74F622231E88C3003AC578;
			remoteInfo = ConvenientLayout;
		};
		BEC49541230E9D3100625872 /* PBXContainerItemProxy */ = {
			isa = PBXContainerItemProxy;
			containerPortal = BEC49524230E9D2F00625872 /* Project object */;
			proxyType = 1;
			remoteGlobalIDString = BEC4952B230E9D2F00625872;
			remoteInfo = Sadovod;
		};
/* End PBXContainerItemProxy section */

/* Begin PBXCopyFilesBuildPhase section */
		BE74F63E231E8A96003AC578 /* Embed Frameworks */ = {
			isa = PBXCopyFilesBuildPhase;
			buildActionMask = 2147483647;
			dstPath = "";
			dstSubfolderSpec = 10;
			files = (
				BE74F63B231E8A96003AC578 /* ConvenientLayout.framework in Embed Frameworks */,
			);
			name = "Embed Frameworks";
			runOnlyForDeploymentPostprocessing = 0;
		};
/* End PBXCopyFilesBuildPhase section */

/* Begin PBXFileReference section */
		12E90954B6C0F64C7F0C966D /* Pods-SadovodTests.debug.xcconfig */ = {isa = PBXFileReference; includeInIndex = 1; lastKnownFileType = text.xcconfig; name = "Pods-SadovodTests.debug.xcconfig"; path = "Target Support Files/Pods-SadovodTests/Pods-SadovodTests.debug.xcconfig"; sourceTree = "<group>"; };
		23939B3E66E84E5428C2B948 /* Pods_SadovodTests.framework */ = {isa = PBXFileReference; explicitFileType = wrapper.framework; includeInIndex = 0; path = Pods_SadovodTests.framework; sourceTree = BUILT_PRODUCTS_DIR; };
		59FEC45DEAF2F36B396E98B2 /* Pods_Sadovod.framework */ = {isa = PBXFileReference; explicitFileType = wrapper.framework; includeInIndex = 0; path = Pods_Sadovod.framework; sourceTree = BUILT_PRODUCTS_DIR; };
		8ABB13A1D442D09CF7D61BAC /* Pods-SadovodTests.release.xcconfig */ = {isa = PBXFileReference; includeInIndex = 1; lastKnownFileType = text.xcconfig; name = "Pods-SadovodTests.release.xcconfig"; path = "Target Support Files/Pods-SadovodTests/Pods-SadovodTests.release.xcconfig"; sourceTree = "<group>"; };
		9604F818A11D6D4978B4E6C8 /* Pods-Sadovod.release.xcconfig */ = {isa = PBXFileReference; includeInIndex = 1; lastKnownFileType = text.xcconfig; name = "Pods-Sadovod.release.xcconfig"; path = "Target Support Files/Pods-Sadovod/Pods-Sadovod.release.xcconfig"; sourceTree = "<group>"; };
		BE151D7423211995009947A0 /* AuthorizeCollectionViewCell.swift */ = {isa = PBXFileReference; lastKnownFileType = sourcecode.swift; path = AuthorizeCollectionViewCell.swift; sourceTree = "<group>"; };
		BE151D76232123D2009947A0 /* SmallWhiteButton.swift */ = {isa = PBXFileReference; lastKnownFileType = sourcecode.swift; path = SmallWhiteButton.swift; sourceTree = "<group>"; };
		BE151D7823213CD1009947A0 /* CatalogCategoryTableViewCell.swift */ = {isa = PBXFileReference; lastKnownFileType = sourcecode.swift; path = CatalogCategoryTableViewCell.swift; sourceTree = "<group>"; };
		BE151D7A2321401F009947A0 /* CategoriesTableView.swift */ = {isa = PBXFileReference; lastKnownFileType = sourcecode.swift; path = CategoriesTableView.swift; sourceTree = "<group>"; };
		BE151D7C23214086009947A0 /* CategoriesTableViewDataSource.swift */ = {isa = PBXFileReference; lastKnownFileType = sourcecode.swift; path = CategoriesTableViewDataSource.swift; sourceTree = "<group>"; };
		BE1E6DE5232F82B500D817C4 /* HomeViewModel.swift */ = {isa = PBXFileReference; lastKnownFileType = sourcecode.swift; path = HomeViewModel.swift; sourceTree = "<group>"; };
		BE2AEA962323B98700270A05 /* Extensions+UIImageView.swift */ = {isa = PBXFileReference; lastKnownFileType = sourcecode.swift; path = "Extensions+UIImageView.swift"; sourceTree = "<group>"; };
		BE2AEA982323C4C100270A05 /* SmallGrayButton.swift */ = {isa = PBXFileReference; lastKnownFileType = sourcecode.swift; path = SmallGrayButton.swift; sourceTree = "<group>"; };
		BE2AEA9A2323D5BA00270A05 /* BlueRoundedButton.swift */ = {isa = PBXFileReference; lastKnownFileType = sourcecode.swift; path = BlueRoundedButton.swift; sourceTree = "<group>"; };
		BE408E18237C3396006CE3AB /* Profile.storyboard */ = {isa = PBXFileReference; lastKnownFileType = file.storyboard; path = Profile.storyboard; sourceTree = "<group>"; };
		BE408E1B237C389F006CE3AB /* Catalog.storyboard */ = {isa = PBXFileReference; lastKnownFileType = file.storyboard; path = Catalog.storyboard; sourceTree = "<group>"; };
		BE4542C3232643A9006FC7C4 /* HomeUnpaidOrdersCollectionViewCell.swift */ = {isa = PBXFileReference; lastKnownFileType = sourcecode.swift; path = HomeUnpaidOrdersCollectionViewCell.swift; sourceTree = "<group>"; };
		BE4542C52326463A006FC7C4 /* UnpaidOrdersCollectionView.swift */ = {isa = PBXFileReference; lastKnownFileType = sourcecode.swift; path = UnpaidOrdersCollectionView.swift; sourceTree = "<group>"; };
		BE4542C723264CCF006FC7C4 /* UnpaidOrderCollectionViewCell.swift */ = {isa = PBXFileReference; lastKnownFileType = sourcecode.swift; path = UnpaidOrderCollectionViewCell.swift; sourceTree = "<group>"; };
		BE4542C923266264006FC7C4 /* UnpaidOrdersCollectionViewDataSource.swift */ = {isa = PBXFileReference; lastKnownFileType = sourcecode.swift; path = UnpaidOrdersCollectionViewDataSource.swift; sourceTree = "<group>"; };
		BE5BCB7D232152AB00BC41D0 /* TextFieldTableViewCell.swift */ = {isa = PBXFileReference; lastKnownFileType = sourcecode.swift; path = TextFieldTableViewCell.swift; sourceTree = "<group>"; };
		BE5BCB7F2321538600BC41D0 /* TextViewTableViewCell.swift */ = {isa = PBXFileReference; lastKnownFileType = sourcecode.swift; path = TextViewTableViewCell.swift; sourceTree = "<group>"; };
		BE5BCB812321555100BC41D0 /* ButtonTableViewCell.swift */ = {isa = PBXFileReference; lastKnownFileType = sourcecode.swift; path = ButtonTableViewCell.swift; sourceTree = "<group>"; };
		BE6B33B9232508E70016AB39 /* RoundedWhiteLabel.swift */ = {isa = PBXFileReference; lastKnownFileType = sourcecode.swift; path = RoundedWhiteLabel.swift; sourceTree = "<group>"; };
		BE6B33BB23250EE00016AB39 /* CatalogCollectionView.swift */ = {isa = PBXFileReference; lastKnownFileType = sourcecode.swift; path = CatalogCollectionView.swift; sourceTree = "<group>"; };
		BE6B33BD2325119D0016AB39 /* CatalogCollectionViewDataSource.swift */ = {isa = PBXFileReference; lastKnownFileType = sourcecode.swift; path = CatalogCollectionViewDataSource.swift; sourceTree = "<group>"; };
		BE6B33BF2325129B0016AB39 /* ProductsCatalogVC.swift */ = {isa = PBXFileReference; lastKnownFileType = sourcecode.swift; path = ProductsCatalogVC.swift; sourceTree = "<group>"; };
		BE6B33C12325173E0016AB39 /* CatalogCollectionViewCell.swift */ = {isa = PBXFileReference; lastKnownFileType = sourcecode.swift; path = CatalogCollectionViewCell.swift; sourceTree = "<group>"; };
		BE74F5E5231E631B003AC578 /* CatalogVC.swift */ = {isa = PBXFileReference; lastKnownFileType = sourcecode.swift; path = CatalogVC.swift; sourceTree = "<group>"; };
		BE74F5E7231E632C003AC578 /* HomeVC.swift */ = {isa = PBXFileReference; lastKnownFileType = sourcecode.swift; path = HomeVC.swift; sourceTree = "<group>"; };
		BE74F5E9231E634A003AC578 /* CartVC.swift */ = {isa = PBXFileReference; lastKnownFileType = sourcecode.swift; path = CartVC.swift; sourceTree = "<group>"; };
		BE74F5EB231E6359003AC578 /* ProfileVC.swift */ = {isa = PBXFileReference; lastKnownFileType = sourcecode.swift; path = ProfileVC.swift; sourceTree = "<group>"; };
		BE74F5EF231E6376003AC578 /* InfoVC.swift */ = {isa = PBXFileReference; lastKnownFileType = sourcecode.swift; path = InfoVC.swift; sourceTree = "<group>"; };
		BE74F5F1231E63E6003AC578 /* CategoriesVC.swift */ = {isa = PBXFileReference; lastKnownFileType = sourcecode.swift; path = CategoriesVC.swift; sourceTree = "<group>"; };
		BE74F5F3231E63F1003AC578 /* SubcategoriesVC.swift */ = {isa = PBXFileReference; lastKnownFileType = sourcecode.swift; path = SubcategoriesVC.swift; sourceTree = "<group>"; };
		BE74F5F6231E6593003AC578 /* Extensions+UIViewController.swift */ = {isa = PBXFileReference; lastKnownFileType = sourcecode.swift; path = "Extensions+UIViewController.swift"; sourceTree = "<group>"; };
		BE74F634231E8A2F003AC578 /* ConvenientLayout.xcodeproj */ = {isa = PBXFileReference; lastKnownFileType = "wrapper.pb-project"; name = ConvenientLayout.xcodeproj; path = ../ConvenientLayout/ConvenientLayout.xcodeproj; sourceTree = "<group>"; };
		BE74F63F231E8CCB003AC578 /* PopularCategoryCollectionViewCell.swift */ = {isa = PBXFileReference; lastKnownFileType = sourcecode.swift; path = PopularCategoryCollectionViewCell.swift; sourceTree = "<group>"; };
		BE74F641231E8D33003AC578 /* PopularCategoryCollectionView.swift */ = {isa = PBXFileReference; lastKnownFileType = sourcecode.swift; path = PopularCategoryCollectionView.swift; sourceTree = "<group>"; };
		BE74F643231E8D55003AC578 /* HomePopularCategoriesCollectionViewCell.swift */ = {isa = PBXFileReference; lastKnownFileType = sourcecode.swift; path = HomePopularCategoriesCollectionViewCell.swift; sourceTree = "<group>"; };
		BE74F645231E8D8B003AC578 /* HomeCollectionView.swift */ = {isa = PBXFileReference; lastKnownFileType = sourcecode.swift; path = HomeCollectionView.swift; sourceTree = "<group>"; };
		BE74F647231EA4DF003AC578 /* PopularCategory.swift */ = {isa = PBXFileReference; lastKnownFileType = sourcecode.swift; path = PopularCategory.swift; sourceTree = "<group>"; };
		BE74F649231EA5BE003AC578 /* PopularCategoriesDataSource.swift */ = {isa = PBXFileReference; lastKnownFileType = sourcecode.swift; path = PopularCategoriesDataSource.swift; sourceTree = "<group>"; };
		BE74F64B231EB163003AC578 /* HomeCollectionViewDataSource.swift */ = {isa = PBXFileReference; lastKnownFileType = sourcecode.swift; path = HomeCollectionViewDataSource.swift; sourceTree = "<group>"; };
		BE8ACFD5230EA0490073A017 /* Constants.swift */ = {isa = PBXFileReference; lastKnownFileType = sourcecode.swift; path = Constants.swift; sourceTree = "<group>"; };
		BE8ACFDB230EB6160073A017 /* APIClient.swift */ = {isa = PBXFileReference; lastKnownFileType = sourcecode.swift; path = APIClient.swift; sourceTree = "<group>"; };
		BE8ACFDE230EB73D0073A017 /* Extensions+URLRequest.swift */ = {isa = PBXFileReference; lastKnownFileType = sourcecode.swift; path = "Extensions+URLRequest.swift"; sourceTree = "<group>"; };
		BE8ACFE2230EB7A70073A017 /* RequestMethod.swift */ = {isa = PBXFileReference; lastKnownFileType = sourcecode.swift; path = RequestMethod.swift; sourceTree = "<group>"; };
		BE8ACFE4230EBA7B0073A017 /* Extensions+URLSessionDataTask.swift */ = {isa = PBXFileReference; lastKnownFileType = sourcecode.swift; path = "Extensions+URLSessionDataTask.swift"; sourceTree = "<group>"; };
		BE8ACFE6230EBBB70073A017 /* Endpoint.swift */ = {isa = PBXFileReference; lastKnownFileType = sourcecode.swift; path = Endpoint.swift; sourceTree = "<group>"; };
		BE9DD3072312C714007D275C /* ProductCategory.swift */ = {isa = PBXFileReference; lastKnownFileType = sourcecode.swift; path = ProductCategory.swift; sourceTree = "<group>"; };
		BE9DD3092312CA0D007D275C /* EntityList.swift */ = {isa = PBXFileReference; lastKnownFileType = sourcecode.swift; path = EntityList.swift; sourceTree = "<group>"; };
		BE9DD30B2312CB10007D275C /* JSONSerializer.swift */ = {isa = PBXFileReference; lastKnownFileType = sourcecode.swift; path = JSONSerializer.swift; sourceTree = "<group>"; };
		BEAABB2D2322B8BB008C6CF8 /* CartCollectionView.swift */ = {isa = PBXFileReference; lastKnownFileType = sourcecode.swift; path = CartCollectionView.swift; sourceTree = "<group>"; };
		BEAABB2F2322B8F1008C6CF8 /* CartCollectionViewCell.swift */ = {isa = PBXFileReference; lastKnownFileType = sourcecode.swift; path = CartCollectionViewCell.swift; sourceTree = "<group>"; };
		BEAABB312322BF58008C6CF8 /* CartCollectionViewDataSource.swift */ = {isa = PBXFileReference; lastKnownFileType = sourcecode.swift; path = CartCollectionViewDataSource.swift; sourceTree = "<group>"; };
		BEC4952C230E9D2F00625872 /* Sadovod.app */ = {isa = PBXFileReference; explicitFileType = wrapper.application; includeInIndex = 0; path = Sadovod.app; sourceTree = BUILT_PRODUCTS_DIR; };
		BEC4952F230E9D2F00625872 /* AppDelegate.swift */ = {isa = PBXFileReference; lastKnownFileType = sourcecode.swift; path = AppDelegate.swift; sourceTree = "<group>"; };
		BEC49531230E9D2F00625872 /* MainTabBarVC.swift */ = {isa = PBXFileReference; lastKnownFileType = sourcecode.swift; path = MainTabBarVC.swift; sourceTree = "<group>"; };
		BEC49536230E9D3100625872 /* Assets.xcassets */ = {isa = PBXFileReference; lastKnownFileType = folder.assetcatalog; path = Assets.xcassets; sourceTree = "<group>"; };
		BEC49539230E9D3100625872 /* Base */ = {isa = PBXFileReference; lastKnownFileType = file.storyboard; name = Base; path = Base.lproj/LaunchScreen.storyboard; sourceTree = "<group>"; };
		BEC4953B230E9D3100625872 /* Info.plist */ = {isa = PBXFileReference; lastKnownFileType = text.plist.xml; path = Info.plist; sourceTree = "<group>"; };
		BEC49540230E9D3100625872 /* SadovodTests.xctest */ = {isa = PBXFileReference; explicitFileType = wrapper.cfbundle; includeInIndex = 0; path = SadovodTests.xctest; sourceTree = BUILT_PRODUCTS_DIR; };
		BEC49544230E9D3100625872 /* SadovodTests.swift */ = {isa = PBXFileReference; lastKnownFileType = sourcecode.swift; path = SadovodTests.swift; sourceTree = "<group>"; };
		BEC49546230E9D3100625872 /* Info.plist */ = {isa = PBXFileReference; lastKnownFileType = text.plist.xml; path = Info.plist; sourceTree = "<group>"; };
		BEC59B6D2312E48F00E26F45 /* TestData.swift */ = {isa = PBXFileReference; lastKnownFileType = sourcecode.swift; path = TestData.swift; sourceTree = "<group>"; };
		BEC59B6F2312EC1A00E26F45 /* AuthorizationResponse.swift */ = {isa = PBXFileReference; lastKnownFileType = sourcecode.swift; path = AuthorizationResponse.swift; sourceTree = "<group>"; };
		BECF1F9C2316613A00CAAFE8 /* UserInfoResponse.swift */ = {isa = PBXFileReference; lastKnownFileType = sourcecode.swift; path = UserInfoResponse.swift; sourceTree = "<group>"; };
		BECF1F9E2316615400CAAFE8 /* UserInfo.swift */ = {isa = PBXFileReference; lastKnownFileType = sourcecode.swift; path = UserInfo.swift; sourceTree = "<group>"; };
		BECF1FA12316676000CAAFE8 /* Product.swift */ = {isa = PBXFileReference; lastKnownFileType = sourcecode.swift; path = Product.swift; sourceTree = "<group>"; };
		BECF1FA323167D0800CAAFE8 /* TreeCategory.swift */ = {isa = PBXFileReference; lastKnownFileType = sourcecode.swift; path = TreeCategory.swift; sourceTree = "<group>"; };
		BECF1FA523167EBD00CAAFE8 /* TreeCategoriesResponse.swift */ = {isa = PBXFileReference; lastKnownFileType = sourcecode.swift; path = TreeCategoriesResponse.swift; sourceTree = "<group>"; };
		BEDCF97D23104EDF006BA5AA /* Token.swift */ = {isa = PBXFileReference; lastKnownFileType = sourcecode.swift; path = Token.swift; sourceTree = "<group>"; };
		BEDCF97F23104FA0006BA5AA /* ServerError.swift */ = {isa = PBXFileReference; lastKnownFileType = sourcecode.swift; path = ServerError.swift; sourceTree = "<group>"; };
		BEDCF9812310547F006BA5AA /* APIClientTests.swift */ = {isa = PBXFileReference; lastKnownFileType = sourcecode.swift; path = APIClientTests.swift; sourceTree = "<group>"; };
		BEF02CA62317B8BC007B7370 /* DetailProduct.swift */ = {isa = PBXFileReference; lastKnownFileType = sourcecode.swift; path = DetailProduct.swift; sourceTree = "<group>"; };
		BEF02CA82317BEBB007B7370 /* ProductOption.swift */ = {isa = PBXFileReference; lastKnownFileType = sourcecode.swift; path = ProductOption.swift; sourceTree = "<group>"; };
		BEF02CAA2317BEC1007B7370 /* ProductSize.swift */ = {isa = PBXFileReference; lastKnownFileType = sourcecode.swift; path = ProductSize.swift; sourceTree = "<group>"; };
		BEF02CAD2317BFC1007B7370 /* DetailProductResponse.swift */ = {isa = PBXFileReference; lastKnownFileType = sourcecode.swift; path = DetailProductResponse.swift; sourceTree = "<group>"; };
		BEF02CAF2317C546007B7370 /* UpdateProductInCartResponse.swift */ = {isa = PBXFileReference; lastKnownFileType = sourcecode.swift; path = UpdateProductInCartResponse.swift; sourceTree = "<group>"; };
		BEF02CB12317CAA7007B7370 /* CartSummary.swift */ = {isa = PBXFileReference; lastKnownFileType = sourcecode.swift; path = CartSummary.swift; sourceTree = "<group>"; };
		BEF02CB32317CB9B007B7370 /* CartProduct.swift */ = {isa = PBXFileReference; lastKnownFileType = sourcecode.swift; path = CartProduct.swift; sourceTree = "<group>"; };
		FED7A7D828BC674C4E8737BA /* Pods-Sadovod.debug.xcconfig */ = {isa = PBXFileReference; includeInIndex = 1; lastKnownFileType = text.xcconfig; name = "Pods-Sadovod.debug.xcconfig"; path = "Target Support Files/Pods-Sadovod/Pods-Sadovod.debug.xcconfig"; sourceTree = "<group>"; };
/* End PBXFileReference section */

/* Begin PBXFrameworksBuildPhase section */
		BEC49529230E9D2F00625872 /* Frameworks */ = {
			isa = PBXFrameworksBuildPhase;
			buildActionMask = 2147483647;
			files = (
				BE74F63A231E8A96003AC578 /* ConvenientLayout.framework in Frameworks */,
				C3C933E7A5D2F84E5CFE2921 /* Pods_Sadovod.framework in Frameworks */,
			);
			runOnlyForDeploymentPostprocessing = 0;
		};
		BEC4953D230E9D3100625872 /* Frameworks */ = {
			isa = PBXFrameworksBuildPhase;
			buildActionMask = 2147483647;
			files = (
				09270101EF07E97E0C74AC34 /* Pods_SadovodTests.framework in Frameworks */,
			);
			runOnlyForDeploymentPostprocessing = 0;
		};
/* End PBXFrameworksBuildPhase section */

/* Begin PBXGroup section */
		1BB175C74871163E43097352 /* Frameworks */ = {
			isa = PBXGroup;
			children = (
				59FEC45DEAF2F36B396E98B2 /* Pods_Sadovod.framework */,
				23939B3E66E84E5428C2B948 /* Pods_SadovodTests.framework */,
			);
			name = Frameworks;
			sourceTree = "<group>";
		};
		353DC042D43635275E8A99DF /* Pods */ = {
			isa = PBXGroup;
			children = (
				FED7A7D828BC674C4E8737BA /* Pods-Sadovod.debug.xcconfig */,
				9604F818A11D6D4978B4E6C8 /* Pods-Sadovod.release.xcconfig */,
				12E90954B6C0F64C7F0C966D /* Pods-SadovodTests.debug.xcconfig */,
				8ABB13A1D442D09CF7D61BAC /* Pods-SadovodTests.release.xcconfig */,
			);
			path = Pods;
			sourceTree = "<group>";
		};
		BE0933FC231FA975007AB5FE /* Home */ = {
			isa = PBXGroup;
			children = (
				BE74F645231E8D8B003AC578 /* HomeCollectionView.swift */,
				BE151D7423211995009947A0 /* AuthorizeCollectionViewCell.swift */,
				BE4542CC23266B83006FC7C4 /* PopularCategories */,
				BE4542CB23266B77006FC7C4 /* UnpaidOrders */,
			);
			path = Home;
			sourceTree = "<group>";
		};
		BE0933FD231FA98A007AB5FE /* DataSources */ = {
			isa = PBXGroup;
			children = (
				BE74F64B231EB163003AC578 /* HomeCollectionViewDataSource.swift */,
				BE74F649231EA5BE003AC578 /* PopularCategoriesDataSource.swift */,
				BE151D7C23214086009947A0 /* CategoriesTableViewDataSource.swift */,
				BEAABB312322BF58008C6CF8 /* CartCollectionViewDataSource.swift */,
				BE6B33BD2325119D0016AB39 /* CatalogCollectionViewDataSource.swift */,
				BE4542C923266264006FC7C4 /* UnpaidOrdersCollectionViewDataSource.swift */,
			);
			path = DataSources;
			sourceTree = "<group>";
		};
		BE1E6DE7232F82B900D817C4 /* ViewModels */ = {
			isa = PBXGroup;
			children = (
				BE1E6DE5232F82B500D817C4 /* HomeViewModel.swift */,
			);
			path = ViewModels;
			sourceTree = "<group>";
		};
		BE4542CB23266B77006FC7C4 /* UnpaidOrders */ = {
			isa = PBXGroup;
			children = (
				BE4542C3232643A9006FC7C4 /* HomeUnpaidOrdersCollectionViewCell.swift */,
				BE4542C52326463A006FC7C4 /* UnpaidOrdersCollectionView.swift */,
				BE4542C723264CCF006FC7C4 /* UnpaidOrderCollectionViewCell.swift */,
			);
			path = UnpaidOrders;
			sourceTree = "<group>";
		};
		BE4542CC23266B83006FC7C4 /* PopularCategories */ = {
			isa = PBXGroup;
			children = (
				BE74F643231E8D55003AC578 /* HomePopularCategoriesCollectionViewCell.swift */,
				BE74F641231E8D33003AC578 /* PopularCategoryCollectionView.swift */,
				BE74F63F231E8CCB003AC578 /* PopularCategoryCollectionViewCell.swift */,
			);
			path = PopularCategories;
			sourceTree = "<group>";
		};
		BE5BCB7C2321528D00BC41D0 /* Catalog */ = {
			isa = PBXGroup;
			children = (
				BE151D7823213CD1009947A0 /* CatalogCategoryTableViewCell.swift */,
				BE151D7A2321401F009947A0 /* CategoriesTableView.swift */,
				BE6B33C12325173E0016AB39 /* CatalogCollectionViewCell.swift */,
				BE6B33BB23250EE00016AB39 /* CatalogCollectionView.swift */,
			);
			path = Catalog;
			sourceTree = "<group>";
		};
		BE74F5F5231E63F7003AC578 /* Catalog */ = {
			isa = PBXGroup;
			children = (
				BE74F5E5231E631B003AC578 /* CatalogVC.swift */,
				BE74F5F1231E63E6003AC578 /* CategoriesVC.swift */,
				BE74F5F3231E63F1003AC578 /* SubcategoriesVC.swift */,
				BE6B33BF2325129B0016AB39 /* ProductsCatalogVC.swift */,
			);
			path = Catalog;
			sourceTree = "<group>";
		};
		BE74F635231E8A2F003AC578 /* Products */ = {
			isa = PBXGroup;
			children = (
				BE74F639231E8A2F003AC578 /* ConvenientLayout.framework */,
			);
			name = Products;
			sourceTree = "<group>";
		};
		BE8ACFD7230EA0570073A017 /* Config */ = {
			isa = PBXGroup;
			children = (
				BE8ACFE6230EBBB70073A017 /* Endpoint.swift */,
				BE8ACFD5230EA0490073A017 /* Constants.swift */,
				BEC59B6D2312E48F00E26F45 /* TestData.swift */,
				BEC4953B230E9D3100625872 /* Info.plist */,
			);
			path = Config;
			sourceTree = "<group>";
		};
		BE8ACFD8230EA0610073A017 /* Storyboards */ = {
			isa = PBXGroup;
			children = (
				BE408E18237C3396006CE3AB /* Profile.storyboard */,
				BE408E1B237C389F006CE3AB /* Catalog.storyboard */,
				BEC49538230E9D3100625872 /* LaunchScreen.storyboard */,
			);
			path = Storyboards;
			sourceTree = "<group>";
		};
		BE8ACFD9230EA0BA0073A017 /* Models */ = {
			isa = PBXGroup;
			children = (
				BECF1FA0231661E200CAAFE8 /* Response */,
				BEF02CAC2317BF93007B7370 /* Product */,
				BE9DD3092312CA0D007D275C /* EntityList.swift */,
				BE9DD3072312C714007D275C /* ProductCategory.swift */,
				BECF1FA323167D0800CAAFE8 /* TreeCategory.swift */,
				BE74F647231EA4DF003AC578 /* PopularCategory.swift */,
				BECF1F9E2316615400CAAFE8 /* UserInfo.swift */,
				BEF02CB12317CAA7007B7370 /* CartSummary.swift */,
			);
			path = Models;
			sourceTree = "<group>";
		};
		BE8ACFDA230EA0C50073A017 /* Views */ = {
			isa = PBXGroup;
			children = (
				BEAABB2D2322B8BB008C6CF8 /* CartCollectionView.swift */,
				BEAABB2F2322B8F1008C6CF8 /* CartCollectionViewCell.swift */,
				BE0933FC231FA975007AB5FE /* Home */,
				BE5BCB7C2321528D00BC41D0 /* Catalog */,
				BEAABB2C2322B89A008C6CF8 /* Common */,
			);
			path = Views;
			sourceTree = "<group>";
		};
		BE8ACFDD230EB62D0073A017 /* Server */ = {
			isa = PBXGroup;
			children = (
				BE8ACFDB230EB6160073A017 /* APIClient.swift */,
				BEDCF97D23104EDF006BA5AA /* Token.swift */,
				BEDCF97F23104FA0006BA5AA /* ServerError.swift */,
				BE8ACFE2230EB7A70073A017 /* RequestMethod.swift */,
				BE9DD30B2312CB10007D275C /* JSONSerializer.swift */,
			);
			path = Server;
			sourceTree = "<group>";
		};
		BE8ACFE0230EB7420073A017 /* Helpers */ = {
			isa = PBXGroup;
			children = (
				BE8ACFE1230EB7470073A017 /* Extensions */,
			);
			path = Helpers;
			sourceTree = "<group>";
		};
		BE8ACFE1230EB7470073A017 /* Extensions */ = {
			isa = PBXGroup;
			children = (
				BE8ACFDE230EB73D0073A017 /* Extensions+URLRequest.swift */,
				BE8ACFE4230EBA7B0073A017 /* Extensions+URLSessionDataTask.swift */,
				BE74F5F6231E6593003AC578 /* Extensions+UIViewController.swift */,
				BE2AEA962323B98700270A05 /* Extensions+UIImageView.swift */,
			);
			path = Extensions;
			sourceTree = "<group>";
		};
		BEAABB2C2322B89A008C6CF8 /* Common */ = {
			isa = PBXGroup;
			children = (
				BE151D76232123D2009947A0 /* SmallWhiteButton.swift */,
				BE2AEA982323C4C100270A05 /* SmallGrayButton.swift */,
				BE2AEA9A2323D5BA00270A05 /* BlueRoundedButton.swift */,
				BE5BCB7D232152AB00BC41D0 /* TextFieldTableViewCell.swift */,
				BE5BCB7F2321538600BC41D0 /* TextViewTableViewCell.swift */,
				BE5BCB812321555100BC41D0 /* ButtonTableViewCell.swift */,
				BE6B33B9232508E70016AB39 /* RoundedWhiteLabel.swift */,
			);
			path = Common;
			sourceTree = "<group>";
		};
		BEC49523230E9D2F00625872 = {
			isa = PBXGroup;
			children = (
				BE74F634231E8A2F003AC578 /* ConvenientLayout.xcodeproj */,
				BEC4952E230E9D2F00625872 /* Sadovod */,
				BEC49543230E9D3100625872 /* SadovodTests */,
				BEC4952D230E9D2F00625872 /* Products */,
				353DC042D43635275E8A99DF /* Pods */,
				1BB175C74871163E43097352 /* Frameworks */,
			);
			sourceTree = "<group>";
		};
		BEC4952D230E9D2F00625872 /* Products */ = {
			isa = PBXGroup;
			children = (
				BEC4952C230E9D2F00625872 /* Sadovod.app */,
				BEC49540230E9D3100625872 /* SadovodTests.xctest */,
			);
			name = Products;
			sourceTree = "<group>";
		};
		BEC4952E230E9D2F00625872 /* Sadovod */ = {
			isa = PBXGroup;
			children = (
				BEC49552230E9E7200625872 /* Sources */,
				BEC49551230E9E5600625872 /* Resources */,
			);
			path = Sadovod;
			sourceTree = "<group>";
		};
		BEC49543230E9D3100625872 /* SadovodTests */ = {
			isa = PBXGroup;
			children = (
				BEC49544230E9D3100625872 /* SadovodTests.swift */,
				BEDCF9812310547F006BA5AA /* APIClientTests.swift */,
				BEC49546230E9D3100625872 /* Info.plist */,
			);
			path = SadovodTests;
			sourceTree = "<group>";
		};
		BEC4954F230E9E3E00625872 /* ApplicationDelegate */ = {
			isa = PBXGroup;
			children = (
				BEC4952F230E9D2F00625872 /* AppDelegate.swift */,
			);
			path = ApplicationDelegate;
			sourceTree = "<group>";
		};
		BEC49550230E9E4B00625872 /* ViewControllers */ = {
			isa = PBXGroup;
			children = (
				BE74F5F5231E63F7003AC578 /* Catalog */,
				BEC49531230E9D2F00625872 /* MainTabBarVC.swift */,
				BE74F5E7231E632C003AC578 /* HomeVC.swift */,
				BE74F5E9231E634A003AC578 /* CartVC.swift */,
				BE74F5EB231E6359003AC578 /* ProfileVC.swift */,
				BE74F5EF231E6376003AC578 /* InfoVC.swift */,
			);
			path = ViewControllers;
			sourceTree = "<group>";
		};
		BEC49551230E9E5600625872 /* Resources */ = {
			isa = PBXGroup;
			children = (
				BEC49536230E9D3100625872 /* Assets.xcassets */,
				BE8ACFD8230EA0610073A017 /* Storyboards */,
				BE8ACFD7230EA0570073A017 /* Config */,
			);
			path = Resources;
			sourceTree = "<group>";
		};
		BEC49552230E9E7200625872 /* Sources */ = {
			isa = PBXGroup;
			children = (
				BEC4954F230E9E3E00625872 /* ApplicationDelegate */,
				BE8ACFD9230EA0BA0073A017 /* Models */,
				BE8ACFDA230EA0C50073A017 /* Views */,
				BEC49550230E9E4B00625872 /* ViewControllers */,
				BE1E6DE7232F82B900D817C4 /* ViewModels */,
				BE0933FD231FA98A007AB5FE /* DataSources */,
				BE8ACFDD230EB62D0073A017 /* Server */,
				BE8ACFE0230EB7420073A017 /* Helpers */,
			);
			path = Sources;
			sourceTree = "<group>";
		};
		BECF1FA0231661E200CAAFE8 /* Response */ = {
			isa = PBXGroup;
			children = (
				BEC59B6F2312EC1A00E26F45 /* AuthorizationResponse.swift */,
				BECF1F9C2316613A00CAAFE8 /* UserInfoResponse.swift */,
				BECF1FA523167EBD00CAAFE8 /* TreeCategoriesResponse.swift */,
				BEF02CAD2317BFC1007B7370 /* DetailProductResponse.swift */,
				BEF02CAF2317C546007B7370 /* UpdateProductInCartResponse.swift */,
			);
			path = Response;
			sourceTree = "<group>";
		};
		BEF02CAC2317BF93007B7370 /* Product */ = {
			isa = PBXGroup;
			children = (
				BECF1FA12316676000CAAFE8 /* Product.swift */,
				BEF02CA62317B8BC007B7370 /* DetailProduct.swift */,
				BEF02CA82317BEBB007B7370 /* ProductOption.swift */,
				BEF02CAA2317BEC1007B7370 /* ProductSize.swift */,
				BEF02CB32317CB9B007B7370 /* CartProduct.swift */,
			);
			path = Product;
			sourceTree = "<group>";
		};
/* End PBXGroup section */

/* Begin PBXNativeTarget section */
		BEC4952B230E9D2F00625872 /* Sadovod */ = {
			isa = PBXNativeTarget;
			buildConfigurationList = BEC49549230E9D3100625872 /* Build configuration list for PBXNativeTarget "Sadovod" */;
			buildPhases = (
				FB3702ABE67CED5CEFC190C8 /* [CP] Check Pods Manifest.lock */,
				BEC49528230E9D2F00625872 /* Sources */,
				BEC49529230E9D2F00625872 /* Frameworks */,
				BEC4952A230E9D2F00625872 /* Resources */,
				BE74F63E231E8A96003AC578 /* Embed Frameworks */,
				568721FE9CA716E76A8FDC6D /* [CP] Embed Pods Frameworks */,
			);
			buildRules = (
			);
			dependencies = (
				BE74F63D231E8A96003AC578 /* PBXTargetDependency */,
			);
			name = Sadovod;
			productName = Sadovod;
			productReference = BEC4952C230E9D2F00625872 /* Sadovod.app */;
			productType = "com.apple.product-type.application";
		};
		BEC4953F230E9D3100625872 /* SadovodTests */ = {
			isa = PBXNativeTarget;
			buildConfigurationList = BEC4954C230E9D3100625872 /* Build configuration list for PBXNativeTarget "SadovodTests" */;
			buildPhases = (
				4B545D6D26CC7D9BE5EE09F9 /* [CP] Check Pods Manifest.lock */,
				BEC4953C230E9D3100625872 /* Sources */,
				BEC4953D230E9D3100625872 /* Frameworks */,
				BEC4953E230E9D3100625872 /* Resources */,
			);
			buildRules = (
			);
			dependencies = (
				BEC49542230E9D3100625872 /* PBXTargetDependency */,
			);
			name = SadovodTests;
			productName = SadovodTests;
			productReference = BEC49540230E9D3100625872 /* SadovodTests.xctest */;
			productType = "com.apple.product-type.bundle.unit-test";
		};
/* End PBXNativeTarget section */

/* Begin PBXProject section */
		BEC49524230E9D2F00625872 /* Project object */ = {
			isa = PBXProject;
			attributes = {
				LastSwiftUpdateCheck = 1030;
				LastUpgradeCheck = 1030;
				ORGANIZATIONNAME = "Yura Istomin";
				TargetAttributes = {
					BEC4952B230E9D2F00625872 = {
						CreatedOnToolsVersion = 10.3;
					};
					BEC4953F230E9D3100625872 = {
						CreatedOnToolsVersion = 10.3;
						TestTargetID = BEC4952B230E9D2F00625872;
					};
				};
			};
			buildConfigurationList = BEC49527230E9D2F00625872 /* Build configuration list for PBXProject "Sadovod" */;
			compatibilityVersion = "Xcode 9.3";
			developmentRegion = en;
			hasScannedForEncodings = 0;
			knownRegions = (
				en,
				Base,
			);
			mainGroup = BEC49523230E9D2F00625872;
			productRefGroup = BEC4952D230E9D2F00625872 /* Products */;
			projectDirPath = "";
			projectReferences = (
				{
					ProductGroup = BE74F635231E8A2F003AC578 /* Products */;
					ProjectRef = BE74F634231E8A2F003AC578 /* ConvenientLayout.xcodeproj */;
				},
			);
			projectRoot = "";
			targets = (
				BEC4952B230E9D2F00625872 /* Sadovod */,
				BEC4953F230E9D3100625872 /* SadovodTests */,
			);
		};
/* End PBXProject section */

/* Begin PBXReferenceProxy section */
		BE74F639231E8A2F003AC578 /* ConvenientLayout.framework */ = {
			isa = PBXReferenceProxy;
			fileType = wrapper.framework;
			path = ConvenientLayout.framework;
			remoteRef = BE74F638231E8A2F003AC578 /* PBXContainerItemProxy */;
			sourceTree = BUILT_PRODUCTS_DIR;
		};
/* End PBXReferenceProxy section */

/* Begin PBXResourcesBuildPhase section */
		BEC4952A230E9D2F00625872 /* Resources */ = {
			isa = PBXResourcesBuildPhase;
			buildActionMask = 2147483647;
			files = (
				BE408E1C237C389F006CE3AB /* Catalog.storyboard in Resources */,
				BE408E19237C3396006CE3AB /* Profile.storyboard in Resources */,
				BEC4953A230E9D3100625872 /* LaunchScreen.storyboard in Resources */,
				BEC49537230E9D3100625872 /* Assets.xcassets in Resources */,
			);
			runOnlyForDeploymentPostprocessing = 0;
		};
		BEC4953E230E9D3100625872 /* Resources */ = {
			isa = PBXResourcesBuildPhase;
			buildActionMask = 2147483647;
			files = (
			);
			runOnlyForDeploymentPostprocessing = 0;
		};
/* End PBXResourcesBuildPhase section */

/* Begin PBXShellScriptBuildPhase section */
		4B545D6D26CC7D9BE5EE09F9 /* [CP] Check Pods Manifest.lock */ = {
			isa = PBXShellScriptBuildPhase;
			buildActionMask = 2147483647;
			files = (
			);
			inputFileListPaths = (
			);
			inputPaths = (
				"${PODS_PODFILE_DIR_PATH}/Podfile.lock",
				"${PODS_ROOT}/Manifest.lock",
			);
			name = "[CP] Check Pods Manifest.lock";
			outputFileListPaths = (
			);
			outputPaths = (
				"$(DERIVED_FILE_DIR)/Pods-SadovodTests-checkManifestLockResult.txt",
			);
			runOnlyForDeploymentPostprocessing = 0;
			shellPath = /bin/sh;
			shellScript = "diff \"${PODS_PODFILE_DIR_PATH}/Podfile.lock\" \"${PODS_ROOT}/Manifest.lock\" > /dev/null\nif [ $? != 0 ] ; then\n    # print error to STDERR\n    echo \"error: The sandbox is not in sync with the Podfile.lock. Run 'pod install' or update your CocoaPods installation.\" >&2\n    exit 1\nfi\n# This output is used by Xcode 'outputs' to avoid re-running this script phase.\necho \"SUCCESS\" > \"${SCRIPT_OUTPUT_FILE_0}\"\n";
			showEnvVarsInLog = 0;
		};
		568721FE9CA716E76A8FDC6D /* [CP] Embed Pods Frameworks */ = {
			isa = PBXShellScriptBuildPhase;
			buildActionMask = 2147483647;
			files = (
			);
			inputFileListPaths = (
			);
			inputPaths = (
				"${PODS_ROOT}/Target Support Files/Pods-Sadovod/Pods-Sadovod-frameworks.sh",
				"${BUILT_PRODUCTS_DIR}/RxCocoa/RxCocoa.framework",
				"${BUILT_PRODUCTS_DIR}/RxRelay/RxRelay.framework",
				"${BUILT_PRODUCTS_DIR}/RxSwift/RxSwift.framework",
			);
			name = "[CP] Embed Pods Frameworks";
			outputFileListPaths = (
			);
			outputPaths = (
				"${TARGET_BUILD_DIR}/${FRAMEWORKS_FOLDER_PATH}/RxCocoa.framework",
				"${TARGET_BUILD_DIR}/${FRAMEWORKS_FOLDER_PATH}/RxRelay.framework",
				"${TARGET_BUILD_DIR}/${FRAMEWORKS_FOLDER_PATH}/RxSwift.framework",
			);
			runOnlyForDeploymentPostprocessing = 0;
			shellPath = /bin/sh;
			shellScript = "\"${PODS_ROOT}/Target Support Files/Pods-Sadovod/Pods-Sadovod-frameworks.sh\"\n";
			showEnvVarsInLog = 0;
		};
		FB3702ABE67CED5CEFC190C8 /* [CP] Check Pods Manifest.lock */ = {
			isa = PBXShellScriptBuildPhase;
			buildActionMask = 2147483647;
			files = (
			);
			inputFileListPaths = (
			);
			inputPaths = (
				"${PODS_PODFILE_DIR_PATH}/Podfile.lock",
				"${PODS_ROOT}/Manifest.lock",
			);
			name = "[CP] Check Pods Manifest.lock";
			outputFileListPaths = (
			);
			outputPaths = (
				"$(DERIVED_FILE_DIR)/Pods-Sadovod-checkManifestLockResult.txt",
			);
			runOnlyForDeploymentPostprocessing = 0;
			shellPath = /bin/sh;
			shellScript = "diff \"${PODS_PODFILE_DIR_PATH}/Podfile.lock\" \"${PODS_ROOT}/Manifest.lock\" > /dev/null\nif [ $? != 0 ] ; then\n    # print error to STDERR\n    echo \"error: The sandbox is not in sync with the Podfile.lock. Run 'pod install' or update your CocoaPods installation.\" >&2\n    exit 1\nfi\n# This output is used by Xcode 'outputs' to avoid re-running this script phase.\necho \"SUCCESS\" > \"${SCRIPT_OUTPUT_FILE_0}\"\n";
			showEnvVarsInLog = 0;
		};
/* End PBXShellScriptBuildPhase section */

/* Begin PBXSourcesBuildPhase section */
		BEC49528230E9D2F00625872 /* Sources */ = {
			isa = PBXSourcesBuildPhase;
			buildActionMask = 2147483647;
			files = (
				BEF02CA92317BEBB007B7370 /* ProductOption.swift in Sources */,
				BE1E6DE6232F82B500D817C4 /* HomeViewModel.swift in Sources */,
				BEDCF97E23104EDF006BA5AA /* Token.swift in Sources */,
				BE74F642231E8D33003AC578 /* PopularCategoryCollectionView.swift in Sources */,
				BE5BCB7E232152AB00BC41D0 /* TextFieldTableViewCell.swift in Sources */,
				BEC49532230E9D2F00625872 /* MainTabBarVC.swift in Sources */,
				BE2AEA992323C4C100270A05 /* SmallGrayButton.swift in Sources */,
				BEF02CAB2317BEC1007B7370 /* ProductSize.swift in Sources */,
				BEC59B702312EC1A00E26F45 /* AuthorizationResponse.swift in Sources */,
				BE151D7523211995009947A0 /* AuthorizeCollectionViewCell.swift in Sources */,
				BEC49530230E9D2F00625872 /* AppDelegate.swift in Sources */,
				BE74F5F2231E63E6003AC578 /* CategoriesVC.swift in Sources */,
				BE151D7923213CD1009947A0 /* CatalogCategoryTableViewCell.swift in Sources */,
				BE8ACFE7230EBBB70073A017 /* Endpoint.swift in Sources */,
				BECF1F9F2316615400CAAFE8 /* UserInfo.swift in Sources */,
				BE74F5EA231E634A003AC578 /* CartVC.swift in Sources */,
				BE8ACFE3230EB7A70073A017 /* RequestMethod.swift in Sources */,
				BEF02CAE2317BFC1007B7370 /* DetailProductResponse.swift in Sources */,
				BE74F5F7231E6593003AC578 /* Extensions+UIViewController.swift in Sources */,
				BE4542C823264CCF006FC7C4 /* UnpaidOrderCollectionViewCell.swift in Sources */,
				BE4542C62326463A006FC7C4 /* UnpaidOrdersCollectionView.swift in Sources */,
				BE6B33C02325129B0016AB39 /* ProductsCatalogVC.swift in Sources */,
				BE151D7D23214086009947A0 /* CategoriesTableViewDataSource.swift in Sources */,
				BECF1FA423167D0800CAAFE8 /* TreeCategory.swift in Sources */,
				BE5BCB802321538600BC41D0 /* TextViewTableViewCell.swift in Sources */,
				BE74F64A231EA5BE003AC578 /* PopularCategoriesDataSource.swift in Sources */,
				BEAABB2E2322B8BB008C6CF8 /* CartCollectionView.swift in Sources */,
				BE74F640231E8CCB003AC578 /* PopularCategoryCollectionViewCell.swift in Sources */,
				BE6B33BA232508E70016AB39 /* RoundedWhiteLabel.swift in Sources */,
				BE74F5F0231E6376003AC578 /* InfoVC.swift in Sources */,
				BECF1FA623167EBD00CAAFE8 /* TreeCategoriesResponse.swift in Sources */,
				BEF02CB42317CB9B007B7370 /* CartProduct.swift in Sources */,
				BEC59B6E2312E48F00E26F45 /* TestData.swift in Sources */,
				BEDCF98023104FA0006BA5AA /* ServerError.swift in Sources */,
				BE6B33BC23250EE00016AB39 /* CatalogCollectionView.swift in Sources */,
				BE151D77232123D2009947A0 /* SmallWhiteButton.swift in Sources */,
				BE151D7B2321401F009947A0 /* CategoriesTableView.swift in Sources */,
				BE2AEA9B2323D5BA00270A05 /* BlueRoundedButton.swift in Sources */,
				BE4542CA23266264006FC7C4 /* UnpaidOrdersCollectionViewDataSource.swift in Sources */,
				BEF02CB02317C546007B7370 /* UpdateProductInCartResponse.swift in Sources */,
				BE9DD30C2312CB10007D275C /* JSONSerializer.swift in Sources */,
				BE6B33C22325173E0016AB39 /* CatalogCollectionViewCell.swift in Sources */,
				BEAABB302322B8F1008C6CF8 /* CartCollectionViewCell.swift in Sources */,
				BE8ACFD6230EA0490073A017 /* Constants.swift in Sources */,
				BE4542C4232643A9006FC7C4 /* HomeUnpaidOrdersCollectionViewCell.swift in Sources */,
				BECF1FA22316676000CAAFE8 /* Product.swift in Sources */,
				BE74F64C231EB163003AC578 /* HomeCollectionViewDataSource.swift in Sources */,
				BE2AEA972323B98700270A05 /* Extensions+UIImageView.swift in Sources */,
				BE74F648231EA4DF003AC578 /* PopularCategory.swift in Sources */,
				BE74F5E6231E631B003AC578 /* CatalogVC.swift in Sources */,
				BE8ACFE5230EBA7B0073A017 /* Extensions+URLSessionDataTask.swift in Sources */,
				BECF1F9D2316613A00CAAFE8 /* UserInfoResponse.swift in Sources */,
				BE74F5F4231E63F1003AC578 /* SubcategoriesVC.swift in Sources */,
				BEAABB322322BF58008C6CF8 /* CartCollectionViewDataSource.swift in Sources */,
				BE74F644231E8D55003AC578 /* HomePopularCategoriesCollectionViewCell.swift in Sources */,
				BEF02CA72317B8BC007B7370 /* DetailProduct.swift in Sources */,
				BE74F5E8231E632C003AC578 /* HomeVC.swift in Sources */,
				BE74F5EC231E6359003AC578 /* ProfileVC.swift in Sources */,
				BE9DD30A2312CA0D007D275C /* EntityList.swift in Sources */,
				BEF02CB22317CAA7007B7370 /* CartSummary.swift in Sources */,
				BE9DD3082312C714007D275C /* ProductCategory.swift in Sources */,
				BE8ACFDC230EB6160073A017 /* APIClient.swift in Sources */,
				BE5BCB822321555100BC41D0 /* ButtonTableViewCell.swift in Sources */,
				BE6B33BE2325119D0016AB39 /* CatalogCollectionViewDataSource.swift in Sources */,
				BE8ACFDF230EB73D0073A017 /* Extensions+URLRequest.swift in Sources */,
				BE74F646231E8D8B003AC578 /* HomeCollectionView.swift in Sources */,
			);
			runOnlyForDeploymentPostprocessing = 0;
		};
		BEC4953C230E9D3100625872 /* Sources */ = {
			isa = PBXSourcesBuildPhase;
			buildActionMask = 2147483647;
			files = (
				BEC49545230E9D3100625872 /* SadovodTests.swift in Sources */,
				BEDCF9822310547F006BA5AA /* APIClientTests.swift in Sources */,
			);
			runOnlyForDeploymentPostprocessing = 0;
		};
/* End PBXSourcesBuildPhase section */

/* Begin PBXTargetDependency section */
		BE74F63D231E8A96003AC578 /* PBXTargetDependency */ = {
			isa = PBXTargetDependency;
			name = ConvenientLayout;
			targetProxy = BE74F63C231E8A96003AC578 /* PBXContainerItemProxy */;
		};
		BEC49542230E9D3100625872 /* PBXTargetDependency */ = {
			isa = PBXTargetDependency;
			target = BEC4952B230E9D2F00625872 /* Sadovod */;
			targetProxy = BEC49541230E9D3100625872 /* PBXContainerItemProxy */;
		};
/* End PBXTargetDependency section */

/* Begin PBXVariantGroup section */
		BEC49538230E9D3100625872 /* LaunchScreen.storyboard */ = {
			isa = PBXVariantGroup;
			children = (
				BEC49539230E9D3100625872 /* Base */,
			);
			name = LaunchScreen.storyboard;
			sourceTree = "<group>";
		};
/* End PBXVariantGroup section */

/* Begin XCBuildConfiguration section */
		BEC49547230E9D3100625872 /* Debug */ = {
			isa = XCBuildConfiguration;
			buildSettings = {
				ALWAYS_SEARCH_USER_PATHS = NO;
				CLANG_ANALYZER_NONNULL = YES;
				CLANG_ANALYZER_NUMBER_OBJECT_CONVERSION = YES_AGGRESSIVE;
				CLANG_CXX_LANGUAGE_STANDARD = "gnu++14";
				CLANG_CXX_LIBRARY = "libc++";
				CLANG_ENABLE_MODULES = YES;
				CLANG_ENABLE_OBJC_ARC = YES;
				CLANG_ENABLE_OBJC_WEAK = YES;
				CLANG_WARN_BLOCK_CAPTURE_AUTORELEASING = YES;
				CLANG_WARN_BOOL_CONVERSION = YES;
				CLANG_WARN_COMMA = YES;
				CLANG_WARN_CONSTANT_CONVERSION = YES;
				CLANG_WARN_DEPRECATED_OBJC_IMPLEMENTATIONS = YES;
				CLANG_WARN_DIRECT_OBJC_ISA_USAGE = YES_ERROR;
				CLANG_WARN_DOCUMENTATION_COMMENTS = YES;
				CLANG_WARN_EMPTY_BODY = YES;
				CLANG_WARN_ENUM_CONVERSION = YES;
				CLANG_WARN_INFINITE_RECURSION = YES;
				CLANG_WARN_INT_CONVERSION = YES;
				CLANG_WARN_NON_LITERAL_NULL_CONVERSION = YES;
				CLANG_WARN_OBJC_IMPLICIT_RETAIN_SELF = YES;
				CLANG_WARN_OBJC_LITERAL_CONVERSION = YES;
				CLANG_WARN_OBJC_ROOT_CLASS = YES_ERROR;
				CLANG_WARN_RANGE_LOOP_ANALYSIS = YES;
				CLANG_WARN_STRICT_PROTOTYPES = YES;
				CLANG_WARN_SUSPICIOUS_MOVE = YES;
				CLANG_WARN_UNGUARDED_AVAILABILITY = YES_AGGRESSIVE;
				CLANG_WARN_UNREACHABLE_CODE = YES;
				CLANG_WARN__DUPLICATE_METHOD_MATCH = YES;
				CODE_SIGN_IDENTITY = "iPhone Developer";
				COPY_PHASE_STRIP = NO;
				DEBUG_INFORMATION_FORMAT = dwarf;
				ENABLE_STRICT_OBJC_MSGSEND = YES;
				ENABLE_TESTABILITY = YES;
				GCC_C_LANGUAGE_STANDARD = gnu11;
				GCC_DYNAMIC_NO_PIC = NO;
				GCC_NO_COMMON_BLOCKS = YES;
				GCC_OPTIMIZATION_LEVEL = 0;
				GCC_PREPROCESSOR_DEFINITIONS = (
					"DEBUG=1",
					"$(inherited)",
				);
				GCC_WARN_64_TO_32_BIT_CONVERSION = YES;
				GCC_WARN_ABOUT_RETURN_TYPE = YES_ERROR;
				GCC_WARN_UNDECLARED_SELECTOR = YES;
				GCC_WARN_UNINITIALIZED_AUTOS = YES_AGGRESSIVE;
				GCC_WARN_UNUSED_FUNCTION = YES;
				GCC_WARN_UNUSED_VARIABLE = YES;
				IPHONEOS_DEPLOYMENT_TARGET = 12.4;
				MTL_ENABLE_DEBUG_INFO = INCLUDE_SOURCE;
				MTL_FAST_MATH = YES;
				ONLY_ACTIVE_ARCH = YES;
				SDKROOT = iphoneos;
				SWIFT_ACTIVE_COMPILATION_CONDITIONS = DEBUG;
				SWIFT_OPTIMIZATION_LEVEL = "-Onone";
			};
			name = Debug;
		};
		BEC49548230E9D3100625872 /* Release */ = {
			isa = XCBuildConfiguration;
			buildSettings = {
				ALWAYS_SEARCH_USER_PATHS = NO;
				CLANG_ANALYZER_NONNULL = YES;
				CLANG_ANALYZER_NUMBER_OBJECT_CONVERSION = YES_AGGRESSIVE;
				CLANG_CXX_LANGUAGE_STANDARD = "gnu++14";
				CLANG_CXX_LIBRARY = "libc++";
				CLANG_ENABLE_MODULES = YES;
				CLANG_ENABLE_OBJC_ARC = YES;
				CLANG_ENABLE_OBJC_WEAK = YES;
				CLANG_WARN_BLOCK_CAPTURE_AUTORELEASING = YES;
				CLANG_WARN_BOOL_CONVERSION = YES;
				CLANG_WARN_COMMA = YES;
				CLANG_WARN_CONSTANT_CONVERSION = YES;
				CLANG_WARN_DEPRECATED_OBJC_IMPLEMENTATIONS = YES;
				CLANG_WARN_DIRECT_OBJC_ISA_USAGE = YES_ERROR;
				CLANG_WARN_DOCUMENTATION_COMMENTS = YES;
				CLANG_WARN_EMPTY_BODY = YES;
				CLANG_WARN_ENUM_CONVERSION = YES;
				CLANG_WARN_INFINITE_RECURSION = YES;
				CLANG_WARN_INT_CONVERSION = YES;
				CLANG_WARN_NON_LITERAL_NULL_CONVERSION = YES;
				CLANG_WARN_OBJC_IMPLICIT_RETAIN_SELF = YES;
				CLANG_WARN_OBJC_LITERAL_CONVERSION = YES;
				CLANG_WARN_OBJC_ROOT_CLASS = YES_ERROR;
				CLANG_WARN_RANGE_LOOP_ANALYSIS = YES;
				CLANG_WARN_STRICT_PROTOTYPES = YES;
				CLANG_WARN_SUSPICIOUS_MOVE = YES;
				CLANG_WARN_UNGUARDED_AVAILABILITY = YES_AGGRESSIVE;
				CLANG_WARN_UNREACHABLE_CODE = YES;
				CLANG_WARN__DUPLICATE_METHOD_MATCH = YES;
				CODE_SIGN_IDENTITY = "iPhone Developer";
				COPY_PHASE_STRIP = NO;
				DEBUG_INFORMATION_FORMAT = "dwarf-with-dsym";
				ENABLE_NS_ASSERTIONS = NO;
				ENABLE_STRICT_OBJC_MSGSEND = YES;
				GCC_C_LANGUAGE_STANDARD = gnu11;
				GCC_NO_COMMON_BLOCKS = YES;
				GCC_WARN_64_TO_32_BIT_CONVERSION = YES;
				GCC_WARN_ABOUT_RETURN_TYPE = YES_ERROR;
				GCC_WARN_UNDECLARED_SELECTOR = YES;
				GCC_WARN_UNINITIALIZED_AUTOS = YES_AGGRESSIVE;
				GCC_WARN_UNUSED_FUNCTION = YES;
				GCC_WARN_UNUSED_VARIABLE = YES;
				IPHONEOS_DEPLOYMENT_TARGET = 12.4;
				MTL_ENABLE_DEBUG_INFO = NO;
				MTL_FAST_MATH = YES;
				SDKROOT = iphoneos;
				SWIFT_COMPILATION_MODE = wholemodule;
				SWIFT_OPTIMIZATION_LEVEL = "-O";
				VALIDATE_PRODUCT = YES;
			};
			name = Release;
		};
		BEC4954A230E9D3100625872 /* Debug */ = {
			isa = XCBuildConfiguration;
			baseConfigurationReference = FED7A7D828BC674C4E8737BA /* Pods-Sadovod.debug.xcconfig */;
			buildSettings = {
				ALWAYS_EMBED_SWIFT_STANDARD_LIBRARIES = YES;
				ASSETCATALOG_COMPILER_APPICON_NAME = AppIcon;
				CODE_SIGN_STYLE = Automatic;
				CURRENT_PROJECT_VERSION = 2;
				DEVELOPMENT_TEAM = R3PAQGAXUV;
				INFOPLIST_FILE = "$(SRCROOT)/Sadovod/Resources/Config/Info.plist";
				IPHONEOS_DEPLOYMENT_TARGET = 11.0;
				LD_RUNPATH_SEARCH_PATHS = (
					"$(inherited)",
					"@executable_path/Frameworks",
				);
				PRODUCT_BUNDLE_IDENTIFIER = com.yuraist.Sadovod;
				PRODUCT_NAME = "$(TARGET_NAME)";
				SWIFT_VERSION = 5.0;
				TARGETED_DEVICE_FAMILY = "1,2";
			};
			name = Debug;
		};
		BEC4954B230E9D3100625872 /* Release */ = {
			isa = XCBuildConfiguration;
			baseConfigurationReference = 9604F818A11D6D4978B4E6C8 /* Pods-Sadovod.release.xcconfig */;
			buildSettings = {
				ALWAYS_EMBED_SWIFT_STANDARD_LIBRARIES = YES;
				ASSETCATALOG_COMPILER_APPICON_NAME = AppIcon;
				CODE_SIGN_STYLE = Automatic;
				CURRENT_PROJECT_VERSION = 2;
				DEVELOPMENT_TEAM = R3PAQGAXUV;
				INFOPLIST_FILE = "$(SRCROOT)/Sadovod/Resources/Config/Info.plist";
				IPHONEOS_DEPLOYMENT_TARGET = 11.0;
				LD_RUNPATH_SEARCH_PATHS = (
					"$(inherited)",
					"@executable_path/Frameworks",
				);
				PRODUCT_BUNDLE_IDENTIFIER = com.yuraist.Sadovod;
				PRODUCT_NAME = "$(TARGET_NAME)";
				SWIFT_VERSION = 5.0;
				TARGETED_DEVICE_FAMILY = "1,2";
			};
			name = Release;
		};
		BEC4954D230E9D3100625872 /* Debug */ = {
			isa = XCBuildConfiguration;
			baseConfigurationReference = 12E90954B6C0F64C7F0C966D /* Pods-SadovodTests.debug.xcconfig */;
			buildSettings = {
				ALWAYS_EMBED_SWIFT_STANDARD_LIBRARIES = YES;
				BUNDLE_LOADER = "$(TEST_HOST)";
				CODE_SIGN_STYLE = Automatic;
				DEVELOPMENT_TEAM = R3PAQGAXUV;
				INFOPLIST_FILE = SadovodTests/Info.plist;
				LD_RUNPATH_SEARCH_PATHS = (
					"$(inherited)",
					"@executable_path/Frameworks",
					"@loader_path/Frameworks",
				);
				PRODUCT_BUNDLE_IDENTIFIER = com.yuraist.SadovodTests;
				PRODUCT_NAME = "$(TARGET_NAME)";
				SWIFT_VERSION = 5.0;
				TARGETED_DEVICE_FAMILY = "1,2";
				TEST_HOST = "$(BUILT_PRODUCTS_DIR)/Sadovod.app/Sadovod";
			};
			name = Debug;
		};
		BEC4954E230E9D3100625872 /* Release */ = {
			isa = XCBuildConfiguration;
			baseConfigurationReference = 8ABB13A1D442D09CF7D61BAC /* Pods-SadovodTests.release.xcconfig */;
			buildSettings = {
				ALWAYS_EMBED_SWIFT_STANDARD_LIBRARIES = YES;
				BUNDLE_LOADER = "$(TEST_HOST)";
				CODE_SIGN_STYLE = Automatic;
				DEVELOPMENT_TEAM = R3PAQGAXUV;
				INFOPLIST_FILE = SadovodTests/Info.plist;
				LD_RUNPATH_SEARCH_PATHS = (
					"$(inherited)",
					"@executable_path/Frameworks",
					"@loader_path/Frameworks",
				);
				PRODUCT_BUNDLE_IDENTIFIER = com.yuraist.SadovodTests;
				PRODUCT_NAME = "$(TARGET_NAME)";
				SWIFT_VERSION = 5.0;
				TARGETED_DEVICE_FAMILY = "1,2";
				TEST_HOST = "$(BUILT_PRODUCTS_DIR)/Sadovod.app/Sadovod";
			};
			name = Release;
		};
/* End XCBuildConfiguration section */

/* Begin XCConfigurationList section */
		BEC49527230E9D2F00625872 /* Build configuration list for PBXProject "Sadovod" */ = {
			isa = XCConfigurationList;
			buildConfigurations = (
				BEC49547230E9D3100625872 /* Debug */,
				BEC49548230E9D3100625872 /* Release */,
			);
			defaultConfigurationIsVisible = 0;
			defaultConfigurationName = Release;
		};
		BEC49549230E9D3100625872 /* Build configuration list for PBXNativeTarget "Sadovod" */ = {
			isa = XCConfigurationList;
			buildConfigurations = (
				BEC4954A230E9D3100625872 /* Debug */,
				BEC4954B230E9D3100625872 /* Release */,
			);
			defaultConfigurationIsVisible = 0;
			defaultConfigurationName = Release;
		};
		BEC4954C230E9D3100625872 /* Build configuration list for PBXNativeTarget "SadovodTests" */ = {
			isa = XCConfigurationList;
			buildConfigurations = (
				BEC4954D230E9D3100625872 /* Debug */,
				BEC4954E230E9D3100625872 /* Release */,
			);
			defaultConfigurationIsVisible = 0;
			defaultConfigurationName = Release;
		};
/* End XCConfigurationList section */
	};
	rootObject = BEC49524230E9D2F00625872 /* Project object */;
}
