// !$*UTF8*$!
{
	archiveVersion = 1;
	classes = {
	};
	objectVersion = 50;
	objects = {

/* Begin PBXBuildFile section */
		BE8ACFD6230EA0490073A017 /* Constants.swift in Sources */ = {isa = PBXBuildFile; fileRef = BE8ACFD5230EA0490073A017 /* Constants.swift */; };
		BE8ACFDC230EB6160073A017 /* APIClient.swift in Sources */ = {isa = PBXBuildFile; fileRef = BE8ACFDB230EB6160073A017 /* APIClient.swift */; };
		BE8ACFDF230EB73D0073A017 /* Extensions+URLRequest.swift in Sources */ = {isa = PBXBuildFile; fileRef = BE8ACFDE230EB73D0073A017 /* Extensions+URLRequest.swift */; };
		BE8ACFE3230EB7A70073A017 /* RequestMethod.swift in Sources */ = {isa = PBXBuildFile; fileRef = BE8ACFE2230EB7A70073A017 /* RequestMethod.swift */; };
		BE8ACFE5230EBA7B0073A017 /* Extensions+URLSessionDataTask.swift in Sources */ = {isa = PBXBuildFile; fileRef = BE8ACFE4230EBA7B0073A017 /* Extensions+URLSessionDataTask.swift */; };
		BE8ACFE7230EBBB70073A017 /* Endpoint.swift in Sources */ = {isa = PBXBuildFile; fileRef = BE8ACFE6230EBBB70073A017 /* Endpoint.swift */; };
		BEC49530230E9D2F00625872 /* AppDelegate.swift in Sources */ = {isa = PBXBuildFile; fileRef = BEC4952F230E9D2F00625872 /* AppDelegate.swift */; };
		BEC49532230E9D2F00625872 /* MainTabBarVC.swift in Sources */ = {isa = PBXBuildFile; fileRef = BEC49531230E9D2F00625872 /* MainTabBarVC.swift */; };
		BEC49537230E9D3100625872 /* Assets.xcassets in Resources */ = {isa = PBXBuildFile; fileRef = BEC49536230E9D3100625872 /* Assets.xcassets */; };
		BEC4953A230E9D3100625872 /* LaunchScreen.storyboard in Resources */ = {isa = PBXBuildFile; fileRef = BEC49538230E9D3100625872 /* LaunchScreen.storyboard */; };
		BEC49545230E9D3100625872 /* SadovodTests.swift in Sources */ = {isa = PBXBuildFile; fileRef = BEC49544230E9D3100625872 /* SadovodTests.swift */; };
		BEDCF97E23104EDF006BA5AA /* Token.swift in Sources */ = {isa = PBXBuildFile; fileRef = BEDCF97D23104EDF006BA5AA /* Token.swift */; };
		BEDCF98023104FA0006BA5AA /* ServerError.swift in Sources */ = {isa = PBXBuildFile; fileRef = BEDCF97F23104FA0006BA5AA /* ServerError.swift */; };
		BEDCF9822310547F006BA5AA /* APIClientTests.swift in Sources */ = {isa = PBXBuildFile; fileRef = BEDCF9812310547F006BA5AA /* APIClientTests.swift */; };
/* End PBXBuildFile section */

/* Begin PBXContainerItemProxy section */
		BEC49541230E9D3100625872 /* PBXContainerItemProxy */ = {
			isa = PBXContainerItemProxy;
			containerPortal = BEC49524230E9D2F00625872 /* Project object */;
			proxyType = 1;
			remoteGlobalIDString = BEC4952B230E9D2F00625872;
			remoteInfo = Sadovod;
		};
/* End PBXContainerItemProxy section */

/* Begin PBXFileReference section */
		BE8ACFD5230EA0490073A017 /* Constants.swift */ = {isa = PBXFileReference; lastKnownFileType = sourcecode.swift; path = Constants.swift; sourceTree = "<group>"; };
		BE8ACFDB230EB6160073A017 /* APIClient.swift */ = {isa = PBXFileReference; lastKnownFileType = sourcecode.swift; path = APIClient.swift; sourceTree = "<group>"; };
		BE8ACFDE230EB73D0073A017 /* Extensions+URLRequest.swift */ = {isa = PBXFileReference; lastKnownFileType = sourcecode.swift; path = "Extensions+URLRequest.swift"; sourceTree = "<group>"; };
		BE8ACFE2230EB7A70073A017 /* RequestMethod.swift */ = {isa = PBXFileReference; lastKnownFileType = sourcecode.swift; path = RequestMethod.swift; sourceTree = "<group>"; };
		BE8ACFE4230EBA7B0073A017 /* Extensions+URLSessionDataTask.swift */ = {isa = PBXFileReference; lastKnownFileType = sourcecode.swift; path = "Extensions+URLSessionDataTask.swift"; sourceTree = "<group>"; };
		BE8ACFE6230EBBB70073A017 /* Endpoint.swift */ = {isa = PBXFileReference; lastKnownFileType = sourcecode.swift; path = Endpoint.swift; sourceTree = "<group>"; };
		BEC4952C230E9D2F00625872 /* Sadovod.app */ = {isa = PBXFileReference; explicitFileType = wrapper.application; includeInIndex = 0; path = Sadovod.app; sourceTree = BUILT_PRODUCTS_DIR; };
		BEC4952F230E9D2F00625872 /* AppDelegate.swift */ = {isa = PBXFileReference; lastKnownFileType = sourcecode.swift; path = AppDelegate.swift; sourceTree = "<group>"; };
		BEC49531230E9D2F00625872 /* MainTabBarVC.swift */ = {isa = PBXFileReference; lastKnownFileType = sourcecode.swift; path = MainTabBarVC.swift; sourceTree = "<group>"; };
		BEC49536230E9D3100625872 /* Assets.xcassets */ = {isa = PBXFileReference; lastKnownFileType = folder.assetcatalog; path = Assets.xcassets; sourceTree = "<group>"; };
		BEC49539230E9D3100625872 /* Base */ = {isa = PBXFileReference; lastKnownFileType = file.storyboard; name = Base; path = Base.lproj/LaunchScreen.storyboard; sourceTree = "<group>"; };
		BEC4953B230E9D3100625872 /* Info.plist */ = {isa = PBXFileReference; lastKnownFileType = text.plist.xml; path = Info.plist; sourceTree = "<group>"; };
		BEC49540230E9D3100625872 /* SadovodTests.xctest */ = {isa = PBXFileReference; explicitFileType = wrapper.cfbundle; includeInIndex = 0; path = SadovodTests.xctest; sourceTree = BUILT_PRODUCTS_DIR; };
		BEC49544230E9D3100625872 /* SadovodTests.swift */ = {isa = PBXFileReference; lastKnownFileType = sourcecode.swift; path = SadovodTests.swift; sourceTree = "<group>"; };
		BEC49546230E9D3100625872 /* Info.plist */ = {isa = PBXFileReference; lastKnownFileType = text.plist.xml; path = Info.plist; sourceTree = "<group>"; };
		BEDCF97D23104EDF006BA5AA /* Token.swift */ = {isa = PBXFileReference; lastKnownFileType = sourcecode.swift; path = Token.swift; sourceTree = "<group>"; };
		BEDCF97F23104FA0006BA5AA /* ServerError.swift */ = {isa = PBXFileReference; lastKnownFileType = sourcecode.swift; path = ServerError.swift; sourceTree = "<group>"; };
		BEDCF9812310547F006BA5AA /* APIClientTests.swift */ = {isa = PBXFileReference; lastKnownFileType = sourcecode.swift; path = APIClientTests.swift; sourceTree = "<group>"; };
/* End PBXFileReference section */

/* Begin PBXFrameworksBuildPhase section */
		BEC49529230E9D2F00625872 /* Frameworks */ = {
			isa = PBXFrameworksBuildPhase;
			buildActionMask = 2147483647;
			files = (
			);
			runOnlyForDeploymentPostprocessing = 0;
		};
		BEC4953D230E9D3100625872 /* Frameworks */ = {
			isa = PBXFrameworksBuildPhase;
			buildActionMask = 2147483647;
			files = (
			);
			runOnlyForDeploymentPostprocessing = 0;
		};
/* End PBXFrameworksBuildPhase section */

/* Begin PBXGroup section */
		BE8ACFD7230EA0570073A017 /* Config */ = {
			isa = PBXGroup;
			children = (
				BE8ACFD5230EA0490073A017 /* Constants.swift */,
				BEC4953B230E9D3100625872 /* Info.plist */,
			);
			path = Config;
			sourceTree = "<group>";
		};
		BE8ACFD8230EA0610073A017 /* Storyboards */ = {
			isa = PBXGroup;
			children = (
				BEC49538230E9D3100625872 /* LaunchScreen.storyboard */,
			);
			path = Storyboards;
			sourceTree = "<group>";
		};
		BE8ACFD9230EA0BA0073A017 /* Models */ = {
			isa = PBXGroup;
			children = (
				BE8ACFE2230EB7A70073A017 /* RequestMethod.swift */,
				BE8ACFE6230EBBB70073A017 /* Endpoint.swift */,
				BEDCF97D23104EDF006BA5AA /* Token.swift */,
				BEDCF97F23104FA0006BA5AA /* ServerError.swift */,
			);
			path = Models;
			sourceTree = "<group>";
		};
		BE8ACFDA230EA0C50073A017 /* Views */ = {
			isa = PBXGroup;
			children = (
			);
			path = Views;
			sourceTree = "<group>";
		};
		BE8ACFDD230EB62D0073A017 /* Server */ = {
			isa = PBXGroup;
			children = (
				BE8ACFDB230EB6160073A017 /* APIClient.swift */,
			);
			path = Server;
			sourceTree = "<group>";
		};
		BE8ACFE0230EB7420073A017 /* Helpers */ = {
			isa = PBXGroup;
			children = (
				BE8ACFE1230EB7470073A017 /* Extensions */,
			);
			path = Helpers;
			sourceTree = "<group>";
		};
		BE8ACFE1230EB7470073A017 /* Extensions */ = {
			isa = PBXGroup;
			children = (
				BE8ACFDE230EB73D0073A017 /* Extensions+URLRequest.swift */,
				BE8ACFE4230EBA7B0073A017 /* Extensions+URLSessionDataTask.swift */,
			);
			path = Extensions;
			sourceTree = "<group>";
		};
		BEC49523230E9D2F00625872 = {
			isa = PBXGroup;
			children = (
				BEC4952E230E9D2F00625872 /* Sadovod */,
				BEC49543230E9D3100625872 /* SadovodTests */,
				BEC4952D230E9D2F00625872 /* Products */,
			);
			sourceTree = "<group>";
		};
		BEC4952D230E9D2F00625872 /* Products */ = {
			isa = PBXGroup;
			children = (
				BEC4952C230E9D2F00625872 /* Sadovod.app */,
				BEC49540230E9D3100625872 /* SadovodTests.xctest */,
			);
			name = Products;
			sourceTree = "<group>";
		};
		BEC4952E230E9D2F00625872 /* Sadovod */ = {
			isa = PBXGroup;
			children = (
				BEC49552230E9E7200625872 /* Sources */,
				BEC49551230E9E5600625872 /* Resources */,
			);
			path = Sadovod;
			sourceTree = "<group>";
		};
		BEC49543230E9D3100625872 /* SadovodTests */ = {
			isa = PBXGroup;
			children = (
				BEC49544230E9D3100625872 /* SadovodTests.swift */,
				BEDCF9812310547F006BA5AA /* APIClientTests.swift */,
				BEC49546230E9D3100625872 /* Info.plist */,
			);
			path = SadovodTests;
			sourceTree = "<group>";
		};
		BEC4954F230E9E3E00625872 /* ApplicationDelegate */ = {
			isa = PBXGroup;
			children = (
				BEC4952F230E9D2F00625872 /* AppDelegate.swift */,
			);
			path = ApplicationDelegate;
			sourceTree = "<group>";
		};
		BEC49550230E9E4B00625872 /* ViewControllers */ = {
			isa = PBXGroup;
			children = (
				BEC49531230E9D2F00625872 /* MainTabBarVC.swift */,
			);
			path = ViewControllers;
			sourceTree = "<group>";
		};
		BEC49551230E9E5600625872 /* Resources */ = {
			isa = PBXGroup;
			children = (
				BEC49536230E9D3100625872 /* Assets.xcassets */,
				BE8ACFD8230EA0610073A017 /* Storyboards */,
				BE8ACFD7230EA0570073A017 /* Config */,
			);
			path = Resources;
			sourceTree = "<group>";
		};
		BEC49552230E9E7200625872 /* Sources */ = {
			isa = PBXGroup;
			children = (
				BEC4954F230E9E3E00625872 /* ApplicationDelegate */,
				BE8ACFD9230EA0BA0073A017 /* Models */,
				BE8ACFDA230EA0C50073A017 /* Views */,
				BEC49550230E9E4B00625872 /* ViewControllers */,
				BE8ACFDD230EB62D0073A017 /* Server */,
				BE8ACFE0230EB7420073A017 /* Helpers */,
			);
			path = Sources;
			sourceTree = "<group>";
		};
/* End PBXGroup section */

/* Begin PBXNativeTarget section */
		BEC4952B230E9D2F00625872 /* Sadovod */ = {
			isa = PBXNativeTarget;
			buildConfigurationList = BEC49549230E9D3100625872 /* Build configuration list for PBXNativeTarget "Sadovod" */;
			buildPhases = (
				BEC49528230E9D2F00625872 /* Sources */,
				BEC49529230E9D2F00625872 /* Frameworks */,
				BEC4952A230E9D2F00625872 /* Resources */,
			);
			buildRules = (
			);
			dependencies = (
			);
			name = Sadovod;
			productName = Sadovod;
			productReference = BEC4952C230E9D2F00625872 /* Sadovod.app */;
			productType = "com.apple.product-type.application";
		};
		BEC4953F230E9D3100625872 /* SadovodTests */ = {
			isa = PBXNativeTarget;
			buildConfigurationList = BEC4954C230E9D3100625872 /* Build configuration list for PBXNativeTarget "SadovodTests" */;
			buildPhases = (
				BEC4953C230E9D3100625872 /* Sources */,
				BEC4953D230E9D3100625872 /* Frameworks */,
				BEC4953E230E9D3100625872 /* Resources */,
			);
			buildRules = (
			);
			dependencies = (
				BEC49542230E9D3100625872 /* PBXTargetDependency */,
			);
			name = SadovodTests;
			productName = SadovodTests;
			productReference = BEC49540230E9D3100625872 /* SadovodTests.xctest */;
			productType = "com.apple.product-type.bundle.unit-test";
		};
/* End PBXNativeTarget section */

/* Begin PBXProject section */
		BEC49524230E9D2F00625872 /* Project object */ = {
			isa = PBXProject;
			attributes = {
				LastSwiftUpdateCheck = 1030;
				LastUpgradeCheck = 1030;
				ORGANIZATIONNAME = "Yura Istomin";
				TargetAttributes = {
					BEC4952B230E9D2F00625872 = {
						CreatedOnToolsVersion = 10.3;
					};
					BEC4953F230E9D3100625872 = {
						CreatedOnToolsVersion = 10.3;
						TestTargetID = BEC4952B230E9D2F00625872;
					};
				};
			};
			buildConfigurationList = BEC49527230E9D2F00625872 /* Build configuration list for PBXProject "Sadovod" */;
			compatibilityVersion = "Xcode 9.3";
			developmentRegion = en;
			hasScannedForEncodings = 0;
			knownRegions = (
				en,
				Base,
			);
			mainGroup = BEC49523230E9D2F00625872;
			productRefGroup = BEC4952D230E9D2F00625872 /* Products */;
			projectDirPath = "";
			projectRoot = "";
			targets = (
				BEC4952B230E9D2F00625872 /* Sadovod */,
				BEC4953F230E9D3100625872 /* SadovodTests */,
			);
		};
/* End PBXProject section */

/* Begin PBXResourcesBuildPhase section */
		BEC4952A230E9D2F00625872 /* Resources */ = {
			isa = PBXResourcesBuildPhase;
			buildActionMask = 2147483647;
			files = (
				BEC4953A230E9D3100625872 /* LaunchScreen.storyboard in Resources */,
				BEC49537230E9D3100625872 /* Assets.xcassets in Resources */,
			);
			runOnlyForDeploymentPostprocessing = 0;
		};
		BEC4953E230E9D3100625872 /* Resources */ = {
			isa = PBXResourcesBuildPhase;
			buildActionMask = 2147483647;
			files = (
			);
			runOnlyForDeploymentPostprocessing = 0;
		};
/* End PBXResourcesBuildPhase section */

/* Begin PBXSourcesBuildPhase section */
		BEC49528230E9D2F00625872 /* Sources */ = {
			isa = PBXSourcesBuildPhase;
			buildActionMask = 2147483647;
			files = (
				BEDCF97E23104EDF006BA5AA /* Token.swift in Sources */,
				BEC49532230E9D2F00625872 /* MainTabBarVC.swift in Sources */,
				BEC49530230E9D2F00625872 /* AppDelegate.swift in Sources */,
				BE8ACFE7230EBBB70073A017 /* Endpoint.swift in Sources */,
				BE8ACFE3230EB7A70073A017 /* RequestMethod.swift in Sources */,
				BEDCF98023104FA0006BA5AA /* ServerError.swift in Sources */,
				BE8ACFD6230EA0490073A017 /* Constants.swift in Sources */,
				BE8ACFE5230EBA7B0073A017 /* Extensions+URLSessionDataTask.swift in Sources */,
				BE8ACFDC230EB6160073A017 /* APIClient.swift in Sources */,
				BE8ACFDF230EB73D0073A017 /* Extensions+URLRequest.swift in Sources */,
			);
			runOnlyForDeploymentPostprocessing = 0;
		};
		BEC4953C230E9D3100625872 /* Sources */ = {
			isa = PBXSourcesBuildPhase;
			buildActionMask = 2147483647;
			files = (
				BEC49545230E9D3100625872 /* SadovodTests.swift in Sources */,
				BEDCF9822310547F006BA5AA /* APIClientTests.swift in Sources */,
			);
			runOnlyForDeploymentPostprocessing = 0;
		};
/* End PBXSourcesBuildPhase section */

/* Begin PBXTargetDependency section */
		BEC49542230E9D3100625872 /* PBXTargetDependency */ = {
			isa = PBXTargetDependency;
			target = BEC4952B230E9D2F00625872 /* Sadovod */;
			targetProxy = BEC49541230E9D3100625872 /* PBXContainerItemProxy */;
		};
/* End PBXTargetDependency section */

/* Begin PBXVariantGroup section */
		BEC49538230E9D3100625872 /* LaunchScreen.storyboard */ = {
			isa = PBXVariantGroup;
			children = (
				BEC49539230E9D3100625872 /* Base */,
			);
			name = LaunchScreen.storyboard;
			sourceTree = "<group>";
		};
/* End PBXVariantGroup section */

/* Begin XCBuildConfiguration section */
		BEC49547230E9D3100625872 /* Debug */ = {
			isa = XCBuildConfiguration;
			buildSettings = {
				ALWAYS_SEARCH_USER_PATHS = NO;
				CLANG_ANALYZER_NONNULL = YES;
				CLANG_ANALYZER_NUMBER_OBJECT_CONVERSION = YES_AGGRESSIVE;
				CLANG_CXX_LANGUAGE_STANDARD = "gnu++14";
				CLANG_CXX_LIBRARY = "libc++";
				CLANG_ENABLE_MODULES = YES;
				CLANG_ENABLE_OBJC_ARC = YES;
				CLANG_ENABLE_OBJC_WEAK = YES;
				CLANG_WARN_BLOCK_CAPTURE_AUTORELEASING = YES;
				CLANG_WARN_BOOL_CONVERSION = YES;
				CLANG_WARN_COMMA = YES;
				CLANG_WARN_CONSTANT_CONVERSION = YES;
				CLANG_WARN_DEPRECATED_OBJC_IMPLEMENTATIONS = YES;
				CLANG_WARN_DIRECT_OBJC_ISA_USAGE = YES_ERROR;
				CLANG_WARN_DOCUMENTATION_COMMENTS = YES;
				CLANG_WARN_EMPTY_BODY = YES;
				CLANG_WARN_ENUM_CONVERSION = YES;
				CLANG_WARN_INFINITE_RECURSION = YES;
				CLANG_WARN_INT_CONVERSION = YES;
				CLANG_WARN_NON_LITERAL_NULL_CONVERSION = YES;
				CLANG_WARN_OBJC_IMPLICIT_RETAIN_SELF = YES;
				CLANG_WARN_OBJC_LITERAL_CONVERSION = YES;
				CLANG_WARN_OBJC_ROOT_CLASS = YES_ERROR;
				CLANG_WARN_RANGE_LOOP_ANALYSIS = YES;
				CLANG_WARN_STRICT_PROTOTYPES = YES;
				CLANG_WARN_SUSPICIOUS_MOVE = YES;
				CLANG_WARN_UNGUARDED_AVAILABILITY = YES_AGGRESSIVE;
				CLANG_WARN_UNREACHABLE_CODE = YES;
				CLANG_WARN__DUPLICATE_METHOD_MATCH = YES;
				CODE_SIGN_IDENTITY = "iPhone Developer";
				COPY_PHASE_STRIP = NO;
				DEBUG_INFORMATION_FORMAT = dwarf;
				ENABLE_STRICT_OBJC_MSGSEND = YES;
				ENABLE_TESTABILITY = YES;
				GCC_C_LANGUAGE_STANDARD = gnu11;
				GCC_DYNAMIC_NO_PIC = NO;
				GCC_NO_COMMON_BLOCKS = YES;
				GCC_OPTIMIZATION_LEVEL = 0;
				GCC_PREPROCESSOR_DEFINITIONS = (
					"DEBUG=1",
					"$(inherited)",
				);
				GCC_WARN_64_TO_32_BIT_CONVERSION = YES;
				GCC_WARN_ABOUT_RETURN_TYPE = YES_ERROR;
				GCC_WARN_UNDECLARED_SELECTOR = YES;
				GCC_WARN_UNINITIALIZED_AUTOS = YES_AGGRESSIVE;
				GCC_WARN_UNUSED_FUNCTION = YES;
				GCC_WARN_UNUSED_VARIABLE = YES;
				IPHONEOS_DEPLOYMENT_TARGET = 12.4;
				MTL_ENABLE_DEBUG_INFO = INCLUDE_SOURCE;
				MTL_FAST_MATH = YES;
				ONLY_ACTIVE_ARCH = YES;
				SDKROOT = iphoneos;
				SWIFT_ACTIVE_COMPILATION_CONDITIONS = DEBUG;
				SWIFT_OPTIMIZATION_LEVEL = "-Onone";
			};
			name = Debug;
		};
		BEC49548230E9D3100625872 /* Release */ = {
			isa = XCBuildConfiguration;
			buildSettings = {
				ALWAYS_SEARCH_USER_PATHS = NO;
				CLANG_ANALYZER_NONNULL = YES;
				CLANG_ANALYZER_NUMBER_OBJECT_CONVERSION = YES_AGGRESSIVE;
				CLANG_CXX_LANGUAGE_STANDARD = "gnu++14";
				CLANG_CXX_LIBRARY = "libc++";
				CLANG_ENABLE_MODULES = YES;
				CLANG_ENABLE_OBJC_ARC = YES;
				CLANG_ENABLE_OBJC_WEAK = YES;
				CLANG_WARN_BLOCK_CAPTURE_AUTORELEASING = YES;
				CLANG_WARN_BOOL_CONVERSION = YES;
				CLANG_WARN_COMMA = YES;
				CLANG_WARN_CONSTANT_CONVERSION = YES;
				CLANG_WARN_DEPRECATED_OBJC_IMPLEMENTATIONS = YES;
				CLANG_WARN_DIRECT_OBJC_ISA_USAGE = YES_ERROR;
				CLANG_WARN_DOCUMENTATION_COMMENTS = YES;
				CLANG_WARN_EMPTY_BODY = YES;
				CLANG_WARN_ENUM_CONVERSION = YES;
				CLANG_WARN_INFINITE_RECURSION = YES;
				CLANG_WARN_INT_CONVERSION = YES;
				CLANG_WARN_NON_LITERAL_NULL_CONVERSION = YES;
				CLANG_WARN_OBJC_IMPLICIT_RETAIN_SELF = YES;
				CLANG_WARN_OBJC_LITERAL_CONVERSION = YES;
				CLANG_WARN_OBJC_ROOT_CLASS = YES_ERROR;
				CLANG_WARN_RANGE_LOOP_ANALYSIS = YES;
				CLANG_WARN_STRICT_PROTOTYPES = YES;
				CLANG_WARN_SUSPICIOUS_MOVE = YES;
				CLANG_WARN_UNGUARDED_AVAILABILITY = YES_AGGRESSIVE;
				CLANG_WARN_UNREACHABLE_CODE = YES;
				CLANG_WARN__DUPLICATE_METHOD_MATCH = YES;
				CODE_SIGN_IDENTITY = "iPhone Developer";
				COPY_PHASE_STRIP = NO;
				DEBUG_INFORMATION_FORMAT = "dwarf-with-dsym";
				ENABLE_NS_ASSERTIONS = NO;
				ENABLE_STRICT_OBJC_MSGSEND = YES;
				GCC_C_LANGUAGE_STANDARD = gnu11;
				GCC_NO_COMMON_BLOCKS = YES;
				GCC_WARN_64_TO_32_BIT_CONVERSION = YES;
				GCC_WARN_ABOUT_RETURN_TYPE = YES_ERROR;
				GCC_WARN_UNDECLARED_SELECTOR = YES;
				GCC_WARN_UNINITIALIZED_AUTOS = YES_AGGRESSIVE;
				GCC_WARN_UNUSED_FUNCTION = YES;
				GCC_WARN_UNUSED_VARIABLE = YES;
				IPHONEOS_DEPLOYMENT_TARGET = 12.4;
				MTL_ENABLE_DEBUG_INFO = NO;
				MTL_FAST_MATH = YES;
				SDKROOT = iphoneos;
				SWIFT_COMPILATION_MODE = wholemodule;
				SWIFT_OPTIMIZATION_LEVEL = "-O";
				VALIDATE_PRODUCT = YES;
			};
			name = Release;
		};
		BEC4954A230E9D3100625872 /* Debug */ = {
			isa = XCBuildConfiguration;
			buildSettings = {
				ASSETCATALOG_COMPILER_APPICON_NAME = AppIcon;
				CODE_SIGN_STYLE = Automatic;
				DEVELOPMENT_TEAM = R3PAQGAXUV;
				INFOPLIST_FILE = "$(SRCROOT)/Sadovod/Resources/Config/Info.plist";
				IPHONEOS_DEPLOYMENT_TARGET = 11.0;
				LD_RUNPATH_SEARCH_PATHS = (
					"$(inherited)",
					"@executable_path/Frameworks",
				);
				PRODUCT_BUNDLE_IDENTIFIER = com.yuraist.Sadovod;
				PRODUCT_NAME = "$(TARGET_NAME)";
				SWIFT_VERSION = 5.0;
				TARGETED_DEVICE_FAMILY = "1,2";
			};
			name = Debug;
		};
		BEC4954B230E9D3100625872 /* Release */ = {
			isa = XCBuildConfiguration;
			buildSettings = {
				ASSETCATALOG_COMPILER_APPICON_NAME = AppIcon;
				CODE_SIGN_STYLE = Automatic;
				DEVELOPMENT_TEAM = R3PAQGAXUV;
				INFOPLIST_FILE = "$(SRCROOT)/Sadovod/Resources/Config/Info.plist";
				IPHONEOS_DEPLOYMENT_TARGET = 11.0;
				LD_RUNPATH_SEARCH_PATHS = (
					"$(inherited)",
					"@executable_path/Frameworks",
				);
				PRODUCT_BUNDLE_IDENTIFIER = com.yuraist.Sadovod;
				PRODUCT_NAME = "$(TARGET_NAME)";
				SWIFT_VERSION = 5.0;
				TARGETED_DEVICE_FAMILY = "1,2";
			};
			name = Release;
		};
		BEC4954D230E9D3100625872 /* Debug */ = {
			isa = XCBuildConfiguration;
			buildSettings = {
				ALWAYS_EMBED_SWIFT_STANDARD_LIBRARIES = YES;
				BUNDLE_LOADER = "$(TEST_HOST)";
				CODE_SIGN_STYLE = Automatic;
				DEVELOPMENT_TEAM = R3PAQGAXUV;
				INFOPLIST_FILE = SadovodTests/Info.plist;
				LD_RUNPATH_SEARCH_PATHS = (
					"$(inherited)",
					"@executable_path/Frameworks",
					"@loader_path/Frameworks",
				);
				PRODUCT_BUNDLE_IDENTIFIER = com.yuraist.SadovodTests;
				PRODUCT_NAME = "$(TARGET_NAME)";
				SWIFT_VERSION = 5.0;
				TARGETED_DEVICE_FAMILY = "1,2";
				TEST_HOST = "$(BUILT_PRODUCTS_DIR)/Sadovod.app/Sadovod";
			};
			name = Debug;
		};
		BEC4954E230E9D3100625872 /* Release */ = {
			isa = XCBuildConfiguration;
			buildSettings = {
				ALWAYS_EMBED_SWIFT_STANDARD_LIBRARIES = YES;
				BUNDLE_LOADER = "$(TEST_HOST)";
				CODE_SIGN_STYLE = Automatic;
				DEVELOPMENT_TEAM = R3PAQGAXUV;
				INFOPLIST_FILE = SadovodTests/Info.plist;
				LD_RUNPATH_SEARCH_PATHS = (
					"$(inherited)",
					"@executable_path/Frameworks",
					"@loader_path/Frameworks",
				);
				PRODUCT_BUNDLE_IDENTIFIER = com.yuraist.SadovodTests;
				PRODUCT_NAME = "$(TARGET_NAME)";
				SWIFT_VERSION = 5.0;
				TARGETED_DEVICE_FAMILY = "1,2";
				TEST_HOST = "$(BUILT_PRODUCTS_DIR)/Sadovod.app/Sadovod";
			};
			name = Release;
		};
/* End XCBuildConfiguration section */

/* Begin XCConfigurationList section */
		BEC49527230E9D2F00625872 /* Build configuration list for PBXProject "Sadovod" */ = {
			isa = XCConfigurationList;
			buildConfigurations = (
				BEC49547230E9D3100625872 /* Debug */,
				BEC49548230E9D3100625872 /* Release */,
			);
			defaultConfigurationIsVisible = 0;
			defaultConfigurationName = Release;
		};
		BEC49549230E9D3100625872 /* Build configuration list for PBXNativeTarget "Sadovod" */ = {
			isa = XCConfigurationList;
			buildConfigurations = (
				BEC4954A230E9D3100625872 /* Debug */,
				BEC4954B230E9D3100625872 /* Release */,
			);
			defaultConfigurationIsVisible = 0;
			defaultConfigurationName = Release;
		};
		BEC4954C230E9D3100625872 /* Build configuration list for PBXNativeTarget "SadovodTests" */ = {
			isa = XCConfigurationList;
			buildConfigurations = (
				BEC4954D230E9D3100625872 /* Debug */,
				BEC4954E230E9D3100625872 /* Release */,
			);
			defaultConfigurationIsVisible = 0;
			defaultConfigurationName = Release;
		};
/* End XCConfigurationList section */
	};
	rootObject = BEC49524230E9D2F00625872 /* Project object */;
}
